// !$*UTF8*$!
{
	archiveVersion = 1;
	classes = {
	};
	objectVersion = 56;
	objects = {

/* Begin PBXBuildFile section */
		8D8FE1ED2933ABCD00193B7B /* EnvironmentObjectExampleApp.swift in Sources */ = {isa = PBXBuildFile; fileRef = 8D8FE1EC2933ABCD00193B7B /* EnvironmentObjectExampleApp.swift */; };
		8D8FE1EF2933ABCD00193B7B /* ContentView.swift in Sources */ = {isa = PBXBuildFile; fileRef = 8D8FE1EE2933ABCD00193B7B /* ContentView.swift */; };
		8D8FE1F12933ABCE00193B7B /* Assets.xcassets in Resources */ = {isa = PBXBuildFile; fileRef = 8D8FE1F02933ABCE00193B7B /* Assets.xcassets */; };
		8D8FE1F42933ABCE00193B7B /* Preview Assets.xcassets in Resources */ = {isa = PBXBuildFile; fileRef = 8D8FE1F32933ABCE00193B7B /* Preview Assets.xcassets */; };
		8D8FE1FE2933ABCF00193B7B /* EnvironmentObjectExampleTests.swift in Sources */ = {isa = PBXBuildFile; fileRef = 8D8FE1FD2933ABCF00193B7B /* EnvironmentObjectExampleTests.swift */; };
		8D8FE2082933ABCF00193B7B /* EnvironmentObjectExampleUITests.swift in Sources */ = {isa = PBXBuildFile; fileRef = 8D8FE2072933ABCF00193B7B /* EnvironmentObjectExampleUITests.swift */; };
		8D8FE20A2933ABCF00193B7B /* EnvironmentObjectExampleUITestsLaunchTests.swift in Sources */ = {isa = PBXBuildFile; fileRef = 8D8FE2092933ABCF00193B7B /* EnvironmentObjectExampleUITestsLaunchTests.swift */; };
/* End PBXBuildFile section */

/* Begin PBXContainerItemProxy section */
		8D8FE1FA2933ABCF00193B7B /* PBXContainerItemProxy */ = {
			isa = PBXContainerItemProxy;
			containerPortal = 8D8FE1E12933ABCD00193B7B /* Project object */;
			proxyType = 1;
			remoteGlobalIDString = 8D8FE1E82933ABCD00193B7B;
			remoteInfo = EnvironmentObjectExample;
		};
		8D8FE2042933ABCF00193B7B /* PBXContainerItemProxy */ = {
			isa = PBXContainerItemProxy;
			containerPortal = 8D8FE1E12933ABCD00193B7B /* Project object */;
			proxyType = 1;
			remoteGlobalIDString = 8D8FE1E82933ABCD00193B7B;
			remoteInfo = EnvironmentObjectExample;
		};
/* End PBXContainerItemProxy section */

/* Begin PBXFileReference section */
		8D8FE1E92933ABCD00193B7B /* EnvironmentObjectExample.app */ = {isa = PBXFileReference; explicitFileType = wrapper.application; includeInIndex = 0; path = EnvironmentObjectExample.app; sourceTree = BUILT_PRODUCTS_DIR; };
		8D8FE1EC2933ABCD00193B7B /* EnvironmentObjectExampleApp.swift */ = {isa = PBXFileReference; lastKnownFileType = sourcecode.swift; path = EnvironmentObjectExampleApp.swift; sourceTree = "<group>"; };
		8D8FE1EE2933ABCD00193B7B /* ContentView.swift */ = {isa = PBXFileReference; lastKnownFileType = sourcecode.swift; path = ContentView.swift; sourceTree = "<group>"; };
		8D8FE1F02933ABCE00193B7B /* Assets.xcassets */ = {isa = PBXFileReference; lastKnownFileType = folder.assetcatalog; path = Assets.xcassets; sourceTree = "<group>"; };
		8D8FE1F32933ABCE00193B7B /* Preview Assets.xcassets */ = {isa = PBXFileReference; lastKnownFileType = folder.assetcatalog; path = "Preview Assets.xcassets"; sourceTree = "<group>"; };
		8D8FE1F92933ABCF00193B7B /* EnvironmentObjectExampleTests.xctest */ = {isa = PBXFileReference; explicitFileType = wrapper.cfbundle; includeInIndex = 0; path = EnvironmentObjectExampleTests.xctest; sourceTree = BUILT_PRODUCTS_DIR; };
		8D8FE1FD2933ABCF00193B7B /* EnvironmentObjectExampleTests.swift */ = {isa = PBXFileReference; lastKnownFileType = sourcecode.swift; path = EnvironmentObjectExampleTests.swift; sourceTree = "<group>"; };
		8D8FE2032933ABCF00193B7B /* EnvironmentObjectExampleUITests.xctest */ = {isa = PBXFileReference; explicitFileType = wrapper.cfbundle; includeInIndex = 0; path = EnvironmentObjectExampleUITests.xctest; sourceTree = BUILT_PRODUCTS_DIR; };
		8D8FE2072933ABCF00193B7B /* EnvironmentObjectExampleUITests.swift */ = {isa = PBXFileReference; lastKnownFileType = sourcecode.swift; path = EnvironmentObjectExampleUITests.swift; sourceTree = "<group>"; };
		8D8FE2092933ABCF00193B7B /* EnvironmentObjectExampleUITestsLaunchTests.swift */ = {isa = PBXFileReference; lastKnownFileType = sourcecode.swift; path = EnvironmentObjectExampleUITestsLaunchTests.swift; sourceTree = "<group>"; };
/* End PBXFileReference section */

/* Begin PBXFrameworksBuildPhase section */
		8D8FE1E62933ABCD00193B7B /* Frameworks */ = {
			isa = PBXFrameworksBuildPhase;
			buildActionMask = 2147483647;
			files = (
			);
			runOnlyForDeploymentPostprocessing = 0;
		};
		8D8FE1F62933ABCF00193B7B /* Frameworks */ = {
			isa = PBXFrameworksBuildPhase;
			buildActionMask = 2147483647;
			files = (
			);
			runOnlyForDeploymentPostprocessing = 0;
		};
		8D8FE2002933ABCF00193B7B /* Frameworks */ = {
			isa = PBXFrameworksBuildPhase;
			buildActionMask = 2147483647;
			files = (
			);
			runOnlyForDeploymentPostprocessing = 0;
		};
/* End PBXFrameworksBuildPhase section */

/* Begin PBXGroup section */
		8D8FE1E02933ABCD00193B7B = {
			isa = PBXGroup;
			children = (
				8D8FE1EB2933ABCD00193B7B /* EnvironmentObjectExample */,
				8D8FE1FC2933ABCF00193B7B /* EnvironmentObjectExampleTests */,
				8D8FE2062933ABCF00193B7B /* EnvironmentObjectExampleUITests */,
				8D8FE1EA2933ABCD00193B7B /* Products */,
			);
			sourceTree = "<group>";
		};
		8D8FE1EA2933ABCD00193B7B /* Products */ = {
			isa = PBXGroup;
			children = (
				8D8FE1E92933ABCD00193B7B /* EnvironmentObjectExample.app */,
				8D8FE1F92933ABCF00193B7B /* EnvironmentObjectExampleTests.xctest */,
				8D8FE2032933ABCF00193B7B /* EnvironmentObjectExampleUITests.xctest */,
			);
			name = Products;
			sourceTree = "<group>";
		};
		8D8FE1EB2933ABCD00193B7B /* EnvironmentObjectExample */ = {
			isa = PBXGroup;
			children = (
				8D8FE1EC2933ABCD00193B7B /* EnvironmentObjectExampleApp.swift */,
				8D8FE1EE2933ABCD00193B7B /* ContentView.swift */,
				8D8FE1F02933ABCE00193B7B /* Assets.xcassets */,
				8D8FE1F22933ABCE00193B7B /* Preview Content */,
			);
			path = EnvironmentObjectExample;
			sourceTree = "<group>";
		};
		8D8FE1F22933ABCE00193B7B /* Preview Content */ = {
			isa = PBXGroup;
			children = (
				8D8FE1F32933ABCE00193B7B /* Preview Assets.xcassets */,
			);
			path = "Preview Content";
			sourceTree = "<group>";
		};
		8D8FE1FC2933ABCF00193B7B /* EnvironmentObjectExampleTests */ = {
			isa = PBXGroup;
			children = (
				8D8FE1FD2933ABCF00193B7B /* EnvironmentObjectExampleTests.swift */,
			);
			path = EnvironmentObjectExampleTests;
			sourceTree = "<group>";
		};
		8D8FE2062933ABCF00193B7B /* EnvironmentObjectExampleUITests */ = {
			isa = PBXGroup;
			children = (
				8D8FE2072933ABCF00193B7B /* EnvironmentObjectExampleUITests.swift */,
				8D8FE2092933ABCF00193B7B /* EnvironmentObjectExampleUITestsLaunchTests.swift */,
			);
			path = EnvironmentObjectExampleUITests;
			sourceTree = "<group>";
		};
/* End PBXGroup section */

/* Begin PBXNativeTarget section */
		8D8FE1E82933ABCD00193B7B /* EnvironmentObjectExample */ = {
			isa = PBXNativeTarget;
			buildConfigurationList = 8D8FE20D2933ABCF00193B7B /* Build configuration list for PBXNativeTarget "EnvironmentObjectExample" */;
			buildPhases = (
				8D8FE1E52933ABCD00193B7B /* Sources */,
				8D8FE1E62933ABCD00193B7B /* Frameworks */,
				8D8FE1E72933ABCD00193B7B /* Resources */,
			);
			buildRules = (
			);
			dependencies = (
			);
			name = EnvironmentObjectExample;
			productName = EnvironmentObjectExample;
			productReference = 8D8FE1E92933ABCD00193B7B /* EnvironmentObjectExample.app */;
			productType = "com.apple.product-type.application";
		};
		8D8FE1F82933ABCF00193B7B /* EnvironmentObjectExampleTests */ = {
			isa = PBXNativeTarget;
			buildConfigurationList = 8D8FE2102933ABCF00193B7B /* Build configuration list for PBXNativeTarget "EnvironmentObjectExampleTests" */;
			buildPhases = (
				8D8FE1F52933ABCF00193B7B /* Sources */,
				8D8FE1F62933ABCF00193B7B /* Frameworks */,
				8D8FE1F72933ABCF00193B7B /* Resources */,
			);
			buildRules = (
			);
			dependencies = (
				8D8FE1FB2933ABCF00193B7B /* PBXTargetDependency */,
			);
			name = EnvironmentObjectExampleTests;
			productName = EnvironmentObjectExampleTests;
			productReference = 8D8FE1F92933ABCF00193B7B /* EnvironmentObjectExampleTests.xctest */;
			productType = "com.apple.product-type.bundle.unit-test";
		};
		8D8FE2022933ABCF00193B7B /* EnvironmentObjectExampleUITests */ = {
			isa = PBXNativeTarget;
			buildConfigurationList = 8D8FE2132933ABCF00193B7B /* Build configuration list for PBXNativeTarget "EnvironmentObjectExampleUITests" */;
			buildPhases = (
				8D8FE1FF2933ABCF00193B7B /* Sources */,
				8D8FE2002933ABCF00193B7B /* Frameworks */,
				8D8FE2012933ABCF00193B7B /* Resources */,
			);
			buildRules = (
			);
			dependencies = (
				8D8FE2052933ABCF00193B7B /* PBXTargetDependency */,
			);
			name = EnvironmentObjectExampleUITests;
			productName = EnvironmentObjectExampleUITests;
			productReference = 8D8FE2032933ABCF00193B7B /* EnvironmentObjectExampleUITests.xctest */;
			productType = "com.apple.product-type.bundle.ui-testing";
		};
/* End PBXNativeTarget section */

/* Begin PBXProject section */
		8D8FE1E12933ABCD00193B7B /* Project object */ = {
			isa = PBXProject;
			attributes = {
				BuildIndependentTargetsInParallel = 1;
				LastSwiftUpdateCheck = 1410;
				LastUpgradeCheck = 1410;
				TargetAttributes = {
					8D8FE1E82933ABCD00193B7B = {
						CreatedOnToolsVersion = 14.1;
					};
					8D8FE1F82933ABCF00193B7B = {
						CreatedOnToolsVersion = 14.1;
						TestTargetID = 8D8FE1E82933ABCD00193B7B;
					};
					8D8FE2022933ABCF00193B7B = {
						CreatedOnToolsVersion = 14.1;
						TestTargetID = 8D8FE1E82933ABCD00193B7B;
					};
				};
			};
			buildConfigurationList = 8D8FE1E42933ABCD00193B7B /* Build configuration list for PBXProject "EnvironmentObjectExample" */;
			compatibilityVersion = "Xcode 14.0";
			developmentRegion = en;
			hasScannedForEncodings = 0;
			knownRegions = (
				en,
				Base,
			);
			mainGroup = 8D8FE1E02933ABCD00193B7B;
			productRefGroup = 8D8FE1EA2933ABCD00193B7B /* Products */;
			projectDirPath = "";
			projectRoot = "";
			targets = (
				8D8FE1E82933ABCD00193B7B /* EnvironmentObjectExample */,
				8D8FE1F82933ABCF00193B7B /* EnvironmentObjectExampleTests */,
				8D8FE2022933ABCF00193B7B /* EnvironmentObjectExampleUITests */,
			);
		};
/* End PBXProject section */

/* Begin PBXResourcesBuildPhase section */
		8D8FE1E72933ABCD00193B7B /* Resources */ = {
			isa = PBXResourcesBuildPhase;
			buildActionMask = 2147483647;
			files = (
				8D8FE1F42933ABCE00193B7B /* Preview Assets.xcassets in Resources */,
				8D8FE1F12933ABCE00193B7B /* Assets.xcassets in Resources */,
			);
			runOnlyForDeploymentPostprocessing = 0;
		};
		8D8FE1F72933ABCF00193B7B /* Resources */ = {
			isa = PBXResourcesBuildPhase;
			buildActionMask = 2147483647;
			files = (
			);
			runOnlyForDeploymentPostprocessing = 0;
		};
		8D8FE2012933ABCF00193B7B /* Resources */ = {
			isa = PBXResourcesBuildPhase;
			buildActionMask = 2147483647;
			files = (
			);
			runOnlyForDeploymentPostprocessing = 0;
		};
/* End PBXResourcesBuildPhase section */

/* Begin PBXSourcesBuildPhase section */
		8D8FE1E52933ABCD00193B7B /* Sources */ = {
			isa = PBXSourcesBuildPhase;
			buildActionMask = 2147483647;
			files = (
				8D8FE1EF2933ABCD00193B7B /* ContentView.swift in Sources */,
				8D8FE1ED2933ABCD00193B7B /* EnvironmentObjectExampleApp.swift in Sources */,
			);
			runOnlyForDeploymentPostprocessing = 0;
		};
		8D8FE1F52933ABCF00193B7B /* Sources */ = {
			isa = PBXSourcesBuildPhase;
			buildActionMask = 2147483647;
			files = (
				8D8FE1FE2933ABCF00193B7B /* EnvironmentObjectExampleTests.swift in Sources */,
			);
			runOnlyForDeploymentPostprocessing = 0;
		};
		8D8FE1FF2933ABCF00193B7B /* Sources */ = {
			isa = PBXSourcesBuildPhase;
			buildActionMask = 2147483647;
			files = (
				8D8FE20A2933ABCF00193B7B /* EnvironmentObjectExampleUITestsLaunchTests.swift in Sources */,
				8D8FE2082933ABCF00193B7B /* EnvironmentObjectExampleUITests.swift in Sources */,
			);
			runOnlyForDeploymentPostprocessing = 0;
		};
/* End PBXSourcesBuildPhase section */

/* Begin PBXTargetDependency section */
		8D8FE1FB2933ABCF00193B7B /* PBXTargetDependency */ = {
			isa = PBXTargetDependency;
			target = 8D8FE1E82933ABCD00193B7B /* EnvironmentObjectExample */;
			targetProxy = 8D8FE1FA2933ABCF00193B7B /* PBXContainerItemProxy */;
		};
		8D8FE2052933ABCF00193B7B /* PBXTargetDependency */ = {
			isa = PBXTargetDependency;
			target = 8D8FE1E82933ABCD00193B7B /* EnvironmentObjectExample */;
			targetProxy = 8D8FE2042933ABCF00193B7B /* PBXContainerItemProxy */;
		};
/* End PBXTargetDependency section */

/* Begin XCBuildConfiguration section */
		8D8FE20B2933ABCF00193B7B /* Debug */ = {
			isa = XCBuildConfiguration;
			buildSettings = {
				ALWAYS_SEARCH_USER_PATHS = NO;
				CLANG_ANALYZER_NONNULL = YES;
				CLANG_ANALYZER_NUMBER_OBJECT_CONVERSION = YES_AGGRESSIVE;
				CLANG_CXX_LANGUAGE_STANDARD = "gnu++20";
				CLANG_ENABLE_MODULES = YES;
				CLANG_ENABLE_OBJC_ARC = YES;
				CLANG_ENABLE_OBJC_WEAK = YES;
				CLANG_WARN_BLOCK_CAPTURE_AUTORELEASING = YES;
				CLANG_WARN_BOOL_CONVERSION = YES;
				CLANG_WARN_COMMA = YES;
				CLANG_WARN_CONSTANT_CONVERSION = YES;
				CLANG_WARN_DEPRECATED_OBJC_IMPLEMENTATIONS = YES;
				CLANG_WARN_DIRECT_OBJC_ISA_USAGE = YES_ERROR;
				CLANG_WARN_DOCUMENTATION_COMMENTS = YES;
				CLANG_WARN_EMPTY_BODY = YES;
				CLANG_WARN_ENUM_CONVERSION = YES;
				CLANG_WARN_INFINITE_RECURSION = YES;
				CLANG_WARN_INT_CONVERSION = YES;
				CLANG_WARN_NON_LITERAL_NULL_CONVERSION = YES;
				CLANG_WARN_OBJC_IMPLICIT_RETAIN_SELF = YES;
				CLANG_WARN_OBJC_LITERAL_CONVERSION = YES;
				CLANG_WARN_OBJC_ROOT_CLASS = YES_ERROR;
				CLANG_WARN_QUOTED_INCLUDE_IN_FRAMEWORK_HEADER = YES;
				CLANG_WARN_RANGE_LOOP_ANALYSIS = YES;
				CLANG_WARN_STRICT_PROTOTYPES = YES;
				CLANG_WARN_SUSPICIOUS_MOVE = YES;
				CLANG_WARN_UNGUARDED_AVAILABILITY = YES_AGGRESSIVE;
				CLANG_WARN_UNREACHABLE_CODE = YES;
				CLANG_WARN__DUPLICATE_METHOD_MATCH = YES;
				COPY_PHASE_STRIP = NO;
				DEBUG_INFORMATION_FORMAT = dwarf;
				ENABLE_STRICT_OBJC_MSGSEND = YES;
				ENABLE_TESTABILITY = YES;
				GCC_C_LANGUAGE_STANDARD = gnu11;
				GCC_DYNAMIC_NO_PIC = NO;
				GCC_NO_COMMON_BLOCKS = YES;
				GCC_OPTIMIZATION_LEVEL = 0;
				GCC_PREPROCESSOR_DEFINITIONS = (
					"DEBUG=1",
					"$(inherited)",
				);
				GCC_WARN_64_TO_32_BIT_CONVERSION = YES;
				GCC_WARN_ABOUT_RETURN_TYPE = YES_ERROR;
				GCC_WARN_UNDECLARED_SELECTOR = YES;
				GCC_WARN_UNINITIALIZED_AUTOS = YES_AGGRESSIVE;
				GCC_WARN_UNUSED_FUNCTION = YES;
				GCC_WARN_UNUSED_VARIABLE = YES;
				IPHONEOS_DEPLOYMENT_TARGET = 16.1;
				MTL_ENABLE_DEBUG_INFO = INCLUDE_SOURCE;
				MTL_FAST_MATH = YES;
				ONLY_ACTIVE_ARCH = YES;
				SDKROOT = iphoneos;
				SWIFT_ACTIVE_COMPILATION_CONDITIONS = DEBUG;
				SWIFT_OPTIMIZATION_LEVEL = "-Onone";
			};
			name = Debug;
		};
		8D8FE20C2933ABCF00193B7B /* Release */ = {
			isa = XCBuildConfiguration;
			buildSettings = {
				ALWAYS_SEARCH_USER_PATHS = NO;
				CLANG_ANALYZER_NONNULL = YES;
				CLANG_ANALYZER_NUMBER_OBJECT_CONVERSION = YES_AGGRESSIVE;
				CLANG_CXX_LANGUAGE_STANDARD = "gnu++20";
				CLANG_ENABLE_MODULES = YES;
				CLANG_ENABLE_OBJC_ARC = YES;
				CLANG_ENABLE_OBJC_WEAK = YES;
				CLANG_WARN_BLOCK_CAPTURE_AUTORELEASING = YES;
				CLANG_WARN_BOOL_CONVERSION = YES;
				CLANG_WARN_COMMA = YES;
				CLANG_WARN_CONSTANT_CONVERSION = YES;
				CLANG_WARN_DEPRECATED_OBJC_IMPLEMENTATIONS = YES;
				CLANG_WARN_DIRECT_OBJC_ISA_USAGE = YES_ERROR;
				CLANG_WARN_DOCUMENTATION_COMMENTS = YES;
				CLANG_WARN_EMPTY_BODY = YES;
				CLANG_WARN_ENUM_CONVERSION = YES;
				CLANG_WARN_INFINITE_RECURSION = YES;
				CLANG_WARN_INT_CONVERSION = YES;
				CLANG_WARN_NON_LITERAL_NULL_CONVERSION = YES;
				CLANG_WARN_OBJC_IMPLICIT_RETAIN_SELF = YES;
				CLANG_WARN_OBJC_LITERAL_CONVERSION = YES;
				CLANG_WARN_OBJC_ROOT_CLASS = YES_ERROR;
				CLANG_WARN_QUOTED_INCLUDE_IN_FRAMEWORK_HEADER = YES;
				CLANG_WARN_RANGE_LOOP_ANALYSIS = YES;
				CLANG_WARN_STRICT_PROTOTYPES = YES;
				CLANG_WARN_SUSPICIOUS_MOVE = YES;
				CLANG_WARN_UNGUARDED_AVAILABILITY = YES_AGGRESSIVE;
				CLANG_WARN_UNREACHABLE_CODE = YES;
				CLANG_WARN__DUPLICATE_METHOD_MATCH = YES;
				COPY_PHASE_STRIP = NO;
				DEBUG_INFORMATION_FORMAT = "dwarf-with-dsym";
				ENABLE_NS_ASSERTIONS = NO;
				ENABLE_STRICT_OBJC_MSGSEND = YES;
				GCC_C_LANGUAGE_STANDARD = gnu11;
				GCC_NO_COMMON_BLOCKS = YES;
				GCC_WARN_64_TO_32_BIT_CONVERSION = YES;
				GCC_WARN_ABOUT_RETURN_TYPE = YES_ERROR;
				GCC_WARN_UNDECLARED_SELECTOR = YES;
				GCC_WARN_UNINITIALIZED_AUTOS = YES_AGGRESSIVE;
				GCC_WARN_UNUSED_FUNCTION = YES;
				GCC_WARN_UNUSED_VARIABLE = YES;
				IPHONEOS_DEPLOYMENT_TARGET = 16.1;
				MTL_ENABLE_DEBUG_INFO = NO;
				MTL_FAST_MATH = YES;
				SDKROOT = iphoneos;
				SWIFT_COMPILATION_MODE = wholemodule;
				SWIFT_OPTIMIZATION_LEVEL = "-O";
				VALIDATE_PRODUCT = YES;
			};
			name = Release;
		};
		8D8FE20E2933ABCF00193B7B /* Debug */ = {
			isa = XCBuildConfiguration;
			buildSettings = {
				ASSETCATALOG_COMPILER_APPICON_NAME = AppIcon;
				ASSETCATALOG_COMPILER_GLOBAL_ACCENT_COLOR_NAME = AccentColor;
				CODE_SIGN_STYLE = Automatic;
				CURRENT_PROJECT_VERSION = 1;
				DEVELOPMENT_ASSET_PATHS = "\"EnvironmentObjectExample/Preview Content\"";
				DEVELOPMENT_TEAM = GMHUACJXLZ;
				ENABLE_PREVIEWS = YES;
				GENERATE_INFOPLIST_FILE = YES;
				INFOPLIST_KEY_UIApplicationSceneManifest_Generation = YES;
				INFOPLIST_KEY_UIApplicationSupportsIndirectInputEvents = YES;
				INFOPLIST_KEY_UILaunchScreen_Generation = YES;
				INFOPLIST_KEY_UISupportedInterfaceOrientations_iPad = "UIInterfaceOrientationPortrait UIInterfaceOrientationPortraitUpsideDown UIInterfaceOrientationLandscapeLeft UIInterfaceOrientationLandscapeRight";
				INFOPLIST_KEY_UISupportedInterfaceOrientations_iPhone = "UIInterfaceOrientationPortrait UIInterfaceOrientationLandscapeLeft UIInterfaceOrientationLandscapeRight";
				LD_RUNPATH_SEARCH_PATHS = (
					"$(inherited)",
					"@executable_path/Frameworks",
				);
				MARKETING_VERSION = 1.0;
				PRODUCT_BUNDLE_IDENTIFIER = com.lonalia.EnvironmentObjectExample;
				PRODUCT_NAME = "$(TARGET_NAME)";
				SWIFT_EMIT_LOC_STRINGS = YES;
				SWIFT_VERSION = 5.0;
				TARGETED_DEVICE_FAMILY = "1,2";
			};
			name = Debug;
		};
		8D8FE20F2933ABCF00193B7B /* Release */ = {
			isa = XCBuildConfiguration;
			buildSettings = {
				ASSETCATALOG_COMPILER_APPICON_NAME = AppIcon;
				ASSETCATALOG_COMPILER_GLOBAL_ACCENT_COLOR_NAME = AccentColor;
				CODE_SIGN_STYLE = Automatic;
				CURRENT_PROJECT_VERSION = 1;
				DEVELOPMENT_ASSET_PATHS = "\"EnvironmentObjectExample/Preview Content\"";
				DEVELOPMENT_TEAM = GMHUACJXLZ;
				ENABLE_PREVIEWS = YES;
				GENERATE_INFOPLIST_FILE = YES;
				INFOPLIST_KEY_UIApplicationSceneManifest_Generation = YES;
				INFOPLIST_KEY_UIApplicationSupportsIndirectInputEvents = YES;
				INFOPLIST_KEY_UILaunchScreen_Generation = YES;
				INFOPLIST_KEY_UISupportedInterfaceOrientations_iPad = "UIInterfaceOrientationPortrait UIInterfaceOrientationPortraitUpsideDown UIInterfaceOrientationLandscapeLeft UIInterfaceOrientationLandscapeRight";
				INFOPLIST_KEY_UISupportedInterfaceOrientations_iPhone = "UIInterfaceOrientationPortrait UIInterfaceOrientationLandscapeLeft UIInterfaceOrientationLandscapeRight";
				LD_RUNPATH_SEARCH_PATHS = (
					"$(inherited)",
					"@executable_path/Frameworks",
				);
				MARKETING_VERSION = 1.0;
				PRODUCT_BUNDLE_IDENTIFIER = com.lonalia.EnvironmentObjectExample;
				PRODUCT_NAME = "$(TARGET_NAME)";
				SWIFT_EMIT_LOC_STRINGS = YES;
				SWIFT_VERSION = 5.0;
				TARGETED_DEVICE_FAMILY = "1,2";
			};
			name = Release;
		};
		8D8FE2112933ABCF00193B7B /* Debug */ = {
			isa = XCBuildConfiguration;
			buildSettings = {
				ALWAYS_EMBED_SWIFT_STANDARD_LIBRARIES = YES;
				BUNDLE_LOADER = "$(TEST_HOST)";
				CODE_SIGN_STYLE = Automatic;
				CURRENT_PROJECT_VERSION = 1;
				DEVELOPMENT_TEAM = GMHUACJXLZ;
				GENERATE_INFOPLIST_FILE = YES;
				IPHONEOS_DEPLOYMENT_TARGET = 16.1;
				MARKETING_VERSION = 1.0;
				PRODUCT_BUNDLE_IDENTIFIER = com.lonalia.EnvironmentObjectExampleTests;
				PRODUCT_NAME = "$(TARGET_NAME)";
				SWIFT_EMIT_LOC_STRINGS = NO;
				SWIFT_VERSION = 5.0;
				TARGETED_DEVICE_FAMILY = "1,2";
				TEST_HOST = "$(BUILT_PRODUCTS_DIR)/EnvironmentObjectExample.app/$(BUNDLE_EXECUTABLE_FOLDER_PATH)/EnvironmentObjectExample";
			};
			name = Debug;
		};
		8D8FE2122933ABCF00193B7B /* Release */ = {
			isa = XCBuildConfiguration;
			buildSettings = {
				ALWAYS_EMBED_SWIFT_STANDARD_LIBRARIES = YES;
				BUNDLE_LOADER = "$(TEST_HOST)";
				CODE_SIGN_STYLE = Automatic;
				CURRENT_PROJECT_VERSION = 1;
				DEVELOPMENT_TEAM = GMHUACJXLZ;
				GENERATE_INFOPLIST_FILE = YES;
				IPHONEOS_DEPLOYMENT_TARGET = 16.1;
				MARKETING_VERSION = 1.0;
				PRODUCT_BUNDLE_IDENTIFIER = com.lonalia.EnvironmentObjectExampleTests;
				PRODUCT_NAME = "$(TARGET_NAME)";
				SWIFT_EMIT_LOC_STRINGS = NO;
				SWIFT_VERSION = 5.0;
				TARGETED_DEVICE_FAMILY = "1,2";
				TEST_HOST = "$(BUILT_PRODUCTS_DIR)/EnvironmentObjectExample.app/$(BUNDLE_EXECUTABLE_FOLDER_PATH)/EnvironmentObjectExample";
			};
			name = Release;
		};
		8D8FE2142933ABCF00193B7B /* Debug */ = {
			isa = XCBuildConfiguration;
			buildSettings = {
				ALWAYS_EMBED_SWIFT_STANDARD_LIBRARIES = YES;
				CODE_SIGN_STYLE = Automatic;
				CURRENT_PROJECT_VERSION = 1;
				DEVELOPMENT_TEAM = GMHUACJXLZ;
				GENERATE_INFOPLIST_FILE = YES;
				MARKETING_VERSION = 1.0;
				PRODUCT_BUNDLE_IDENTIFIER = com.lonalia.EnvironmentObjectExampleUITests;
				PRODUCT_NAME = "$(TARGET_NAME)";
				SWIFT_EMIT_LOC_STRINGS = NO;
				SWIFT_VERSION = 5.0;
				TARGETED_DEVICE_FAMILY = "1,2";
				TEST_TARGET_NAME = EnvironmentObjectExample;
			};
			name = Debug;
		};
		8D8FE2152933ABCF00193B7B /* Release */ = {
			isa = XCBuildConfiguration;
			buildSettings = {
				ALWAYS_EMBED_SWIFT_STANDARD_LIBRARIES = YES;
				CODE_SIGN_STYLE = Automatic;
				CURRENT_PROJECT_VERSION = 1;
				DEVELOPMENT_TEAM = GMHUACJXLZ;
				GENERATE_INFOPLIST_FILE = YES;
				MARKETING_VERSION = 1.0;
				PRODUCT_BUNDLE_IDENTIFIER = com.lonalia.EnvironmentObjectExampleUITests;
				PRODUCT_NAME = "$(TARGET_NAME)";
				SWIFT_EMIT_LOC_STRINGS = NO;
				SWIFT_VERSION = 5.0;
				TARGETED_DEVICE_FAMILY = "1,2";
				TEST_TARGET_NAME = EnvironmentObjectExample;
			};
			name = Release;
		};
/* End XCBuildConfiguration section */

/* Begin XCConfigurationList section */
		8D8FE1E42933ABCD00193B7B /* Build configuration list for PBXProject "EnvironmentObjectExample" */ = {
			isa = XCConfigurationList;
			buildConfigurations = (
				8D8FE20B2933ABCF00193B7B /* Debug */,
				8D8FE20C2933ABCF00193B7B /* Release */,
			);
			defaultConfigurationIsVisible = 0;
			defaultConfigurationName = Release;
		};
		8D8FE20D2933ABCF00193B7B /* Build configuration list for PBXNativeTarget "EnvironmentObjectExample" */ = {
			isa = XCConfigurationList;
			buildConfigurations = (
				8D8FE20E2933ABCF00193B7B /* Debug */,
				8D8FE20F2933ABCF00193B7B /* Release */,
			);
			defaultConfigurationIsVisible = 0;
			defaultConfigurationName = Release;
		};
		8D8FE2102933ABCF00193B7B /* Build configuration list for PBXNativeTarget "EnvironmentObjectExampleTests" */ = {
			isa = XCConfigurationList;
			buildConfigurations = (
				8D8FE2112933ABCF00193B7B /* Debug */,
				8D8FE2122933ABCF00193B7B /* Release */,
			);
			defaultConfigurationIsVisible = 0;
			defaultConfigurationName = Release;
		};
		8D8FE2132933ABCF00193B7B /* Build configuration list for PBXNativeTarget "EnvironmentObjectExampleUITests" */ = {
			isa = XCConfigurationList;
			buildConfigurations = (
				8D8FE2142933ABCF00193B7B /* Debug */,
				8D8FE2152933ABCF00193B7B /* Release */,
			);
			defaultConfigurationIsVisible = 0;
			defaultConfigurationName = Release;
		};
/* End XCConfigurationList section */
	};
	rootObject = 8D8FE1E12933ABCD00193B7B /* Project object */;
}
