// !$*UTF8*$!
{
	archiveVersion = 1;
	classes = {
	};
	objectVersion = 56;
	objects = {

/* Begin PBXBuildFile section */
		8D36AF0B292FAD1700BFB40B /* StateExampleApp.swift in Sources */ = {isa = PBXBuildFile; fileRef = 8D36AF0A292FAD1700BFB40B /* StateExampleApp.swift */; };
		8D36AF0D292FAD1700BFB40B /* ContentView.swift in Sources */ = {isa = PBXBuildFile; fileRef = 8D36AF0C292FAD1700BFB40B /* ContentView.swift */; };
		8D36AF0F292FAD1800BFB40B /* Assets.xcassets in Resources */ = {isa = PBXBuildFile; fileRef = 8D36AF0E292FAD1800BFB40B /* Assets.xcassets */; };
		8D36AF12292FAD1800BFB40B /* Preview Assets.xcassets in Resources */ = {isa = PBXBuildFile; fileRef = 8D36AF11292FAD1800BFB40B /* Preview Assets.xcassets */; };
		8D36AF1C292FAD1800BFB40B /* StateExampleTests.swift in Sources */ = {isa = PBXBuildFile; fileRef = 8D36AF1B292FAD1800BFB40B /* StateExampleTests.swift */; };
		8D36AF26292FAD1800BFB40B /* StateExampleUITests.swift in Sources */ = {isa = PBXBuildFile; fileRef = 8D36AF25292FAD1800BFB40B /* StateExampleUITests.swift */; };
		8D36AF28292FAD1800BFB40B /* StateExampleUITestsLaunchTests.swift in Sources */ = {isa = PBXBuildFile; fileRef = 8D36AF27292FAD1800BFB40B /* StateExampleUITestsLaunchTests.swift */; };
/* End PBXBuildFile section */

/* Begin PBXContainerItemProxy section */
		8D36AF18292FAD1800BFB40B /* PBXContainerItemProxy */ = {
			isa = PBXContainerItemProxy;
			containerPortal = 8D36AEFF292FAD1700BFB40B /* Project object */;
			proxyType = 1;
			remoteGlobalIDString = 8D36AF06292FAD1700BFB40B;
			remoteInfo = StateExample;
		};
		8D36AF22292FAD1800BFB40B /* PBXContainerItemProxy */ = {
			isa = PBXContainerItemProxy;
			containerPortal = 8D36AEFF292FAD1700BFB40B /* Project object */;
			proxyType = 1;
			remoteGlobalIDString = 8D36AF06292FAD1700BFB40B;
			remoteInfo = StateExample;
		};
/* End PBXContainerItemProxy section */

/* Begin PBXFileReference section */
		8D36AF07292FAD1700BFB40B /* StateExample.app */ = {isa = PBXFileReference; explicitFileType = wrapper.application; includeInIndex = 0; path = StateExample.app; sourceTree = BUILT_PRODUCTS_DIR; };
		8D36AF0A292FAD1700BFB40B /* StateExampleApp.swift */ = {isa = PBXFileReference; lastKnownFileType = sourcecode.swift; path = StateExampleApp.swift; sourceTree = "<group>"; };
		8D36AF0C292FAD1700BFB40B /* ContentView.swift */ = {isa = PBXFileReference; lastKnownFileType = sourcecode.swift; path = ContentView.swift; sourceTree = "<group>"; };
		8D36AF0E292FAD1800BFB40B /* Assets.xcassets */ = {isa = PBXFileReference; lastKnownFileType = folder.assetcatalog; path = Assets.xcassets; sourceTree = "<group>"; };
		8D36AF11292FAD1800BFB40B /* Preview Assets.xcassets */ = {isa = PBXFileReference; lastKnownFileType = folder.assetcatalog; path = "Preview Assets.xcassets"; sourceTree = "<group>"; };
		8D36AF17292FAD1800BFB40B /* StateExampleTests.xctest */ = {isa = PBXFileReference; explicitFileType = wrapper.cfbundle; includeInIndex = 0; path = StateExampleTests.xctest; sourceTree = BUILT_PRODUCTS_DIR; };
		8D36AF1B292FAD1800BFB40B /* StateExampleTests.swift */ = {isa = PBXFileReference; lastKnownFileType = sourcecode.swift; path = StateExampleTests.swift; sourceTree = "<group>"; };
		8D36AF21292FAD1800BFB40B /* StateExampleUITests.xctest */ = {isa = PBXFileReference; explicitFileType = wrapper.cfbundle; includeInIndex = 0; path = StateExampleUITests.xctest; sourceTree = BUILT_PRODUCTS_DIR; };
		8D36AF25292FAD1800BFB40B /* StateExampleUITests.swift */ = {isa = PBXFileReference; lastKnownFileType = sourcecode.swift; path = StateExampleUITests.swift; sourceTree = "<group>"; };
		8D36AF27292FAD1800BFB40B /* StateExampleUITestsLaunchTests.swift */ = {isa = PBXFileReference; lastKnownFileType = sourcecode.swift; path = StateExampleUITestsLaunchTests.swift; sourceTree = "<group>"; };
/* End PBXFileReference section */

/* Begin PBXFrameworksBuildPhase section */
		8D36AF04292FAD1700BFB40B /* Frameworks */ = {
			isa = PBXFrameworksBuildPhase;
			buildActionMask = 2147483647;
			files = (
			);
			runOnlyForDeploymentPostprocessing = 0;
		};
		8D36AF14292FAD1800BFB40B /* Frameworks */ = {
			isa = PBXFrameworksBuildPhase;
			buildActionMask = 2147483647;
			files = (
			);
			runOnlyForDeploymentPostprocessing = 0;
		};
		8D36AF1E292FAD1800BFB40B /* Frameworks */ = {
			isa = PBXFrameworksBuildPhase;
			buildActionMask = 2147483647;
			files = (
			);
			runOnlyForDeploymentPostprocessing = 0;
		};
/* End PBXFrameworksBuildPhase section */

/* Begin PBXGroup section */
		8D36AEFE292FAD1700BFB40B = {
			isa = PBXGroup;
			children = (
				8D36AF09292FAD1700BFB40B /* StateExample */,
				8D36AF1A292FAD1800BFB40B /* StateExampleTests */,
				8D36AF24292FAD1800BFB40B /* StateExampleUITests */,
				8D36AF08292FAD1700BFB40B /* Products */,
			);
			sourceTree = "<group>";
		};
		8D36AF08292FAD1700BFB40B /* Products */ = {
			isa = PBXGroup;
			children = (
				8D36AF07292FAD1700BFB40B /* StateExample.app */,
				8D36AF17292FAD1800BFB40B /* StateExampleTests.xctest */,
				8D36AF21292FAD1800BFB40B /* StateExampleUITests.xctest */,
			);
			name = Products;
			sourceTree = "<group>";
		};
		8D36AF09292FAD1700BFB40B /* StateExample */ = {
			isa = PBXGroup;
			children = (
				8D36AF0A292FAD1700BFB40B /* StateExampleApp.swift */,
				8D36AF0C292FAD1700BFB40B /* ContentView.swift */,
				8D36AF0E292FAD1800BFB40B /* Assets.xcassets */,
				8D36AF10292FAD1800BFB40B /* Preview Content */,
			);
			path = StateExample;
			sourceTree = "<group>";
		};
		8D36AF10292FAD1800BFB40B /* Preview Content */ = {
			isa = PBXGroup;
			children = (
				8D36AF11292FAD1800BFB40B /* Preview Assets.xcassets */,
			);
			path = "Preview Content";
			sourceTree = "<group>";
		};
		8D36AF1A292FAD1800BFB40B /* StateExampleTests */ = {
			isa = PBXGroup;
			children = (
				8D36AF1B292FAD1800BFB40B /* StateExampleTests.swift */,
			);
			path = StateExampleTests;
			sourceTree = "<group>";
		};
		8D36AF24292FAD1800BFB40B /* StateExampleUITests */ = {
			isa = PBXGroup;
			children = (
				8D36AF25292FAD1800BFB40B /* StateExampleUITests.swift */,
				8D36AF27292FAD1800BFB40B /* StateExampleUITestsLaunchTests.swift */,
			);
			path = StateExampleUITests;
			sourceTree = "<group>";
		};
/* End PBXGroup section */

/* Begin PBXNativeTarget section */
		8D36AF06292FAD1700BFB40B /* StateExample */ = {
			isa = PBXNativeTarget;
			buildConfigurationList = 8D36AF2B292FAD1800BFB40B /* Build configuration list for PBXNativeTarget "StateExample" */;
			buildPhases = (
				8D36AF03292FAD1700BFB40B /* Sources */,
				8D36AF04292FAD1700BFB40B /* Frameworks */,
				8D36AF05292FAD1700BFB40B /* Resources */,
			);
			buildRules = (
			);
			dependencies = (
			);
			name = StateExample;
			productName = StateExample;
			productReference = 8D36AF07292FAD1700BFB40B /* StateExample.app */;
			productType = "com.apple.product-type.application";
		};
		8D36AF16292FAD1800BFB40B /* StateExampleTests */ = {
			isa = PBXNativeTarget;
			buildConfigurationList = 8D36AF2E292FAD1800BFB40B /* Build configuration list for PBXNativeTarget "StateExampleTests" */;
			buildPhases = (
				8D36AF13292FAD1800BFB40B /* Sources */,
				8D36AF14292FAD1800BFB40B /* Frameworks */,
				8D36AF15292FAD1800BFB40B /* Resources */,
			);
			buildRules = (
			);
			dependencies = (
				8D36AF19292FAD1800BFB40B /* PBXTargetDependency */,
			);
			name = StateExampleTests;
			productName = StateExampleTests;
			productReference = 8D36AF17292FAD1800BFB40B /* StateExampleTests.xctest */;
			productType = "com.apple.product-type.bundle.unit-test";
		};
		8D36AF20292FAD1800BFB40B /* StateExampleUITests */ = {
			isa = PBXNativeTarget;
			buildConfigurationList = 8D36AF31292FAD1800BFB40B /* Build configuration list for PBXNativeTarget "StateExampleUITests" */;
			buildPhases = (
				8D36AF1D292FAD1800BFB40B /* Sources */,
				8D36AF1E292FAD1800BFB40B /* Frameworks */,
				8D36AF1F292FAD1800BFB40B /* Resources */,
			);
			buildRules = (
			);
			dependencies = (
				8D36AF23292FAD1800BFB40B /* PBXTargetDependency */,
			);
			name = StateExampleUITests;
			productName = StateExampleUITests;
			productReference = 8D36AF21292FAD1800BFB40B /* StateExampleUITests.xctest */;
			productType = "com.apple.product-type.bundle.ui-testing";
		};
/* End PBXNativeTarget section */

/* Begin PBXProject section */
		8D36AEFF292FAD1700BFB40B /* Project object */ = {
			isa = PBXProject;
			attributes = {
				BuildIndependentTargetsInParallel = 1;
				LastSwiftUpdateCheck = 1400;
				LastUpgradeCheck = 1400;
				TargetAttributes = {
					8D36AF06292FAD1700BFB40B = {
						CreatedOnToolsVersion = 14.0;
					};
					8D36AF16292FAD1800BFB40B = {
						CreatedOnToolsVersion = 14.0;
						TestTargetID = 8D36AF06292FAD1700BFB40B;
					};
					8D36AF20292FAD1800BFB40B = {
						CreatedOnToolsVersion = 14.0;
						TestTargetID = 8D36AF06292FAD1700BFB40B;
					};
				};
			};
			buildConfigurationList = 8D36AF02292FAD1700BFB40B /* Build configuration list for PBXProject "StateExample" */;
			compatibilityVersion = "Xcode 14.0";
			developmentRegion = en;
			hasScannedForEncodings = 0;
			knownRegions = (
				en,
				Base,
			);
			mainGroup = 8D36AEFE292FAD1700BFB40B;
			productRefGroup = 8D36AF08292FAD1700BFB40B /* Products */;
			projectDirPath = "";
			projectRoot = "";
			targets = (
				8D36AF06292FAD1700BFB40B /* StateExample */,
				8D36AF16292FAD1800BFB40B /* StateExampleTests */,
				8D36AF20292FAD1800BFB40B /* StateExampleUITests */,
			);
		};
/* End PBXProject section */

/* Begin PBXResourcesBuildPhase section */
		8D36AF05292FAD1700BFB40B /* Resources */ = {
			isa = PBXResourcesBuildPhase;
			buildActionMask = 2147483647;
			files = (
				8D36AF12292FAD1800BFB40B /* Preview Assets.xcassets in Resources */,
				8D36AF0F292FAD1800BFB40B /* Assets.xcassets in Resources */,
			);
			runOnlyForDeploymentPostprocessing = 0;
		};
		8D36AF15292FAD1800BFB40B /* Resources */ = {
			isa = PBXResourcesBuildPhase;
			buildActionMask = 2147483647;
			files = (
			);
			runOnlyForDeploymentPostprocessing = 0;
		};
		8D36AF1F292FAD1800BFB40B /* Resources */ = {
			isa = PBXResourcesBuildPhase;
			buildActionMask = 2147483647;
			files = (
			);
			runOnlyForDeploymentPostprocessing = 0;
		};
/* End PBXResourcesBuildPhase section */

/* Begin PBXSourcesBuildPhase section */
		8D36AF03292FAD1700BFB40B /* Sources */ = {
			isa = PBXSourcesBuildPhase;
			buildActionMask = 2147483647;
			files = (
				8D36AF0D292FAD1700BFB40B /* ContentView.swift in Sources */,
				8D36AF0B292FAD1700BFB40B /* StateExampleApp.swift in Sources */,
			);
			runOnlyForDeploymentPostprocessing = 0;
		};
		8D36AF13292FAD1800BFB40B /* Sources */ = {
			isa = PBXSourcesBuildPhase;
			buildActionMask = 2147483647;
			files = (
				8D36AF1C292FAD1800BFB40B /* StateExampleTests.swift in Sources */,
			);
			runOnlyForDeploymentPostprocessing = 0;
		};
		8D36AF1D292FAD1800BFB40B /* Sources */ = {
			isa = PBXSourcesBuildPhase;
			buildActionMask = 2147483647;
			files = (
				8D36AF26292FAD1800BFB40B /* StateExampleUITests.swift in Sources */,
				8D36AF28292FAD1800BFB40B /* StateExampleUITestsLaunchTests.swift in Sources */,
			);
			runOnlyForDeploymentPostprocessing = 0;
		};
/* End PBXSourcesBuildPhase section */

/* Begin PBXTargetDependency section */
		8D36AF19292FAD1800BFB40B /* PBXTargetDependency */ = {
			isa = PBXTargetDependency;
			target = 8D36AF06292FAD1700BFB40B /* StateExample */;
			targetProxy = 8D36AF18292FAD1800BFB40B /* PBXContainerItemProxy */;
		};
		8D36AF23292FAD1800BFB40B /* PBXTargetDependency */ = {
			isa = PBXTargetDependency;
			target = 8D36AF06292FAD1700BFB40B /* StateExample */;
			targetProxy = 8D36AF22292FAD1800BFB40B /* PBXContainerItemProxy */;
		};
/* End PBXTargetDependency section */

/* Begin XCBuildConfiguration section */
		8D36AF29292FAD1800BFB40B /* Debug */ = {
			isa = XCBuildConfiguration;
			buildSettings = {
				ALWAYS_SEARCH_USER_PATHS = NO;
				CLANG_ANALYZER_NONNULL = YES;
				CLANG_ANALYZER_NUMBER_OBJECT_CONVERSION = YES_AGGRESSIVE;
				CLANG_CXX_LANGUAGE_STANDARD = "gnu++20";
				CLANG_ENABLE_MODULES = YES;
				CLANG_ENABLE_OBJC_ARC = YES;
				CLANG_ENABLE_OBJC_WEAK = YES;
				CLANG_WARN_BLOCK_CAPTURE_AUTORELEASING = YES;
				CLANG_WARN_BOOL_CONVERSION = YES;
				CLANG_WARN_COMMA = YES;
				CLANG_WARN_CONSTANT_CONVERSION = YES;
				CLANG_WARN_DEPRECATED_OBJC_IMPLEMENTATIONS = YES;
				CLANG_WARN_DIRECT_OBJC_ISA_USAGE = YES_ERROR;
				CLANG_WARN_DOCUMENTATION_COMMENTS = YES;
				CLANG_WARN_EMPTY_BODY = YES;
				CLANG_WARN_ENUM_CONVERSION = YES;
				CLANG_WARN_INFINITE_RECURSION = YES;
				CLANG_WARN_INT_CONVERSION = YES;
				CLANG_WARN_NON_LITERAL_NULL_CONVERSION = YES;
				CLANG_WARN_OBJC_IMPLICIT_RETAIN_SELF = YES;
				CLANG_WARN_OBJC_LITERAL_CONVERSION = YES;
				CLANG_WARN_OBJC_ROOT_CLASS = YES_ERROR;
				CLANG_WARN_QUOTED_INCLUDE_IN_FRAMEWORK_HEADER = YES;
				CLANG_WARN_RANGE_LOOP_ANALYSIS = YES;
				CLANG_WARN_STRICT_PROTOTYPES = YES;
				CLANG_WARN_SUSPICIOUS_MOVE = YES;
				CLANG_WARN_UNGUARDED_AVAILABILITY = YES_AGGRESSIVE;
				CLANG_WARN_UNREACHABLE_CODE = YES;
				CLANG_WARN__DUPLICATE_METHOD_MATCH = YES;
				COPY_PHASE_STRIP = NO;
				DEBUG_INFORMATION_FORMAT = dwarf;
				ENABLE_STRICT_OBJC_MSGSEND = YES;
				ENABLE_TESTABILITY = YES;
				GCC_C_LANGUAGE_STANDARD = gnu11;
				GCC_DYNAMIC_NO_PIC = NO;
				GCC_NO_COMMON_BLOCKS = YES;
				GCC_OPTIMIZATION_LEVEL = 0;
				GCC_PREPROCESSOR_DEFINITIONS = (
					"DEBUG=1",
					"$(inherited)",
				);
				GCC_WARN_64_TO_32_BIT_CONVERSION = YES;
				GCC_WARN_ABOUT_RETURN_TYPE = YES_ERROR;
				GCC_WARN_UNDECLARED_SELECTOR = YES;
				GCC_WARN_UNINITIALIZED_AUTOS = YES_AGGRESSIVE;
				GCC_WARN_UNUSED_FUNCTION = YES;
				GCC_WARN_UNUSED_VARIABLE = YES;
				IPHONEOS_DEPLOYMENT_TARGET = 16.0;
				MTL_ENABLE_DEBUG_INFO = INCLUDE_SOURCE;
				MTL_FAST_MATH = YES;
				ONLY_ACTIVE_ARCH = YES;
				SDKROOT = iphoneos;
				SWIFT_ACTIVE_COMPILATION_CONDITIONS = DEBUG;
				SWIFT_OPTIMIZATION_LEVEL = "-Onone";
			};
			name = Debug;
		};
		8D36AF2A292FAD1800BFB40B /* Release */ = {
			isa = XCBuildConfiguration;
			buildSettings = {
				ALWAYS_SEARCH_USER_PATHS = NO;
				CLANG_ANALYZER_NONNULL = YES;
				CLANG_ANALYZER_NUMBER_OBJECT_CONVERSION = YES_AGGRESSIVE;
				CLANG_CXX_LANGUAGE_STANDARD = "gnu++20";
				CLANG_ENABLE_MODULES = YES;
				CLANG_ENABLE_OBJC_ARC = YES;
				CLANG_ENABLE_OBJC_WEAK = YES;
				CLANG_WARN_BLOCK_CAPTURE_AUTORELEASING = YES;
				CLANG_WARN_BOOL_CONVERSION = YES;
				CLANG_WARN_COMMA = YES;
				CLANG_WARN_CONSTANT_CONVERSION = YES;
				CLANG_WARN_DEPRECATED_OBJC_IMPLEMENTATIONS = YES;
				CLANG_WARN_DIRECT_OBJC_ISA_USAGE = YES_ERROR;
				CLANG_WARN_DOCUMENTATION_COMMENTS = YES;
				CLANG_WARN_EMPTY_BODY = YES;
				CLANG_WARN_ENUM_CONVERSION = YES;
				CLANG_WARN_INFINITE_RECURSION = YES;
				CLANG_WARN_INT_CONVERSION = YES;
				CLANG_WARN_NON_LITERAL_NULL_CONVERSION = YES;
				CLANG_WARN_OBJC_IMPLICIT_RETAIN_SELF = YES;
				CLANG_WARN_OBJC_LITERAL_CONVERSION = YES;
				CLANG_WARN_OBJC_ROOT_CLASS = YES_ERROR;
				CLANG_WARN_QUOTED_INCLUDE_IN_FRAMEWORK_HEADER = YES;
				CLANG_WARN_RANGE_LOOP_ANALYSIS = YES;
				CLANG_WARN_STRICT_PROTOTYPES = YES;
				CLANG_WARN_SUSPICIOUS_MOVE = YES;
				CLANG_WARN_UNGUARDED_AVAILABILITY = YES_AGGRESSIVE;
				CLANG_WARN_UNREACHABLE_CODE = YES;
				CLANG_WARN__DUPLICATE_METHOD_MATCH = YES;
				COPY_PHASE_STRIP = NO;
				DEBUG_INFORMATION_FORMAT = "dwarf-with-dsym";
				ENABLE_NS_ASSERTIONS = NO;
				ENABLE_STRICT_OBJC_MSGSEND = YES;
				GCC_C_LANGUAGE_STANDARD = gnu11;
				GCC_NO_COMMON_BLOCKS = YES;
				GCC_WARN_64_TO_32_BIT_CONVERSION = YES;
				GCC_WARN_ABOUT_RETURN_TYPE = YES_ERROR;
				GCC_WARN_UNDECLARED_SELECTOR = YES;
				GCC_WARN_UNINITIALIZED_AUTOS = YES_AGGRESSIVE;
				GCC_WARN_UNUSED_FUNCTION = YES;
				GCC_WARN_UNUSED_VARIABLE = YES;
				IPHONEOS_DEPLOYMENT_TARGET = 16.0;
				MTL_ENABLE_DEBUG_INFO = NO;
				MTL_FAST_MATH = YES;
				SDKROOT = iphoneos;
				SWIFT_COMPILATION_MODE = wholemodule;
				SWIFT_OPTIMIZATION_LEVEL = "-O";
				VALIDATE_PRODUCT = YES;
			};
			name = Release;
		};
		8D36AF2C292FAD1800BFB40B /* Debug */ = {
			isa = XCBuildConfiguration;
			buildSettings = {
				ASSETCATALOG_COMPILER_APPICON_NAME = AppIcon;
				ASSETCATALOG_COMPILER_GLOBAL_ACCENT_COLOR_NAME = AccentColor;
				CODE_SIGN_STYLE = Automatic;
				CURRENT_PROJECT_VERSION = 1;
				DEVELOPMENT_ASSET_PATHS = "\"StateExample/Preview Content\"";
				DEVELOPMENT_TEAM = GMHUACJXLZ;
				ENABLE_PREVIEWS = YES;
				GENERATE_INFOPLIST_FILE = YES;
				INFOPLIST_KEY_UIApplicationSceneManifest_Generation = YES;
				INFOPLIST_KEY_UIApplicationSupportsIndirectInputEvents = YES;
				INFOPLIST_KEY_UILaunchScreen_Generation = YES;
				INFOPLIST_KEY_UISupportedInterfaceOrientations_iPad = "UIInterfaceOrientationPortrait UIInterfaceOrientationPortraitUpsideDown UIInterfaceOrientationLandscapeLeft UIInterfaceOrientationLandscapeRight";
				INFOPLIST_KEY_UISupportedInterfaceOrientations_iPhone = "UIInterfaceOrientationPortrait UIInterfaceOrientationLandscapeLeft UIInterfaceOrientationLandscapeRight";
				LD_RUNPATH_SEARCH_PATHS = (
					"$(inherited)",
					"@executable_path/Frameworks",
				);
				MARKETING_VERSION = 1.0;
				PRODUCT_BUNDLE_IDENTIFIER = com.lonalia.StateExample;
				PRODUCT_NAME = "$(TARGET_NAME)";
				SWIFT_EMIT_LOC_STRINGS = YES;
				SWIFT_VERSION = 5.0;
				TARGETED_DEVICE_FAMILY = "1,2";
			};
			name = Debug;
		};
		8D36AF2D292FAD1800BFB40B /* Release */ = {
			isa = XCBuildConfiguration;
			buildSettings = {
				ASSETCATALOG_COMPILER_APPICON_NAME = AppIcon;
				ASSETCATALOG_COMPILER_GLOBAL_ACCENT_COLOR_NAME = AccentColor;
				CODE_SIGN_STYLE = Automatic;
				CURRENT_PROJECT_VERSION = 1;
				DEVELOPMENT_ASSET_PATHS = "\"StateExample/Preview Content\"";
				DEVELOPMENT_TEAM = GMHUACJXLZ;
				ENABLE_PREVIEWS = YES;
				GENERATE_INFOPLIST_FILE = YES;
				INFOPLIST_KEY_UIApplicationSceneManifest_Generation = YES;
				INFOPLIST_KEY_UIApplicationSupportsIndirectInputEvents = YES;
				INFOPLIST_KEY_UILaunchScreen_Generation = YES;
				INFOPLIST_KEY_UISupportedInterfaceOrientations_iPad = "UIInterfaceOrientationPortrait UIInterfaceOrientationPortraitUpsideDown UIInterfaceOrientationLandscapeLeft UIInterfaceOrientationLandscapeRight";
				INFOPLIST_KEY_UISupportedInterfaceOrientations_iPhone = "UIInterfaceOrientationPortrait UIInterfaceOrientationLandscapeLeft UIInterfaceOrientationLandscapeRight";
				LD_RUNPATH_SEARCH_PATHS = (
					"$(inherited)",
					"@executable_path/Frameworks",
				);
				MARKETING_VERSION = 1.0;
				PRODUCT_BUNDLE_IDENTIFIER = com.lonalia.StateExample;
				PRODUCT_NAME = "$(TARGET_NAME)";
				SWIFT_EMIT_LOC_STRINGS = YES;
				SWIFT_VERSION = 5.0;
				TARGETED_DEVICE_FAMILY = "1,2";
			};
			name = Release;
		};
		8D36AF2F292FAD1800BFB40B /* Debug */ = {
			isa = XCBuildConfiguration;
			buildSettings = {
				ALWAYS_EMBED_SWIFT_STANDARD_LIBRARIES = YES;
				BUNDLE_LOADER = "$(TEST_HOST)";
				CODE_SIGN_STYLE = Automatic;
				CURRENT_PROJECT_VERSION = 1;
				DEVELOPMENT_TEAM = GMHUACJXLZ;
				GENERATE_INFOPLIST_FILE = YES;
				IPHONEOS_DEPLOYMENT_TARGET = 16.0;
				MARKETING_VERSION = 1.0;
				PRODUCT_BUNDLE_IDENTIFIER = com.lonalia.StateExampleTests;
				PRODUCT_NAME = "$(TARGET_NAME)";
				SWIFT_EMIT_LOC_STRINGS = NO;
				SWIFT_VERSION = 5.0;
				TARGETED_DEVICE_FAMILY = "1,2";
				TEST_HOST = "$(BUILT_PRODUCTS_DIR)/StateExample.app/$(BUNDLE_EXECUTABLE_FOLDER_PATH)/StateExample";
			};
			name = Debug;
		};
		8D36AF30292FAD1800BFB40B /* Release */ = {
			isa = XCBuildConfiguration;
			buildSettings = {
				ALWAYS_EMBED_SWIFT_STANDARD_LIBRARIES = YES;
				BUNDLE_LOADER = "$(TEST_HOST)";
				CODE_SIGN_STYLE = Automatic;
				CURRENT_PROJECT_VERSION = 1;
				DEVELOPMENT_TEAM = GMHUACJXLZ;
				GENERATE_INFOPLIST_FILE = YES;
				IPHONEOS_DEPLOYMENT_TARGET = 16.0;
				MARKETING_VERSION = 1.0;
				PRODUCT_BUNDLE_IDENTIFIER = com.lonalia.StateExampleTests;
				PRODUCT_NAME = "$(TARGET_NAME)";
				SWIFT_EMIT_LOC_STRINGS = NO;
				SWIFT_VERSION = 5.0;
				TARGETED_DEVICE_FAMILY = "1,2";
				TEST_HOST = "$(BUILT_PRODUCTS_DIR)/StateExample.app/$(BUNDLE_EXECUTABLE_FOLDER_PATH)/StateExample";
			};
			name = Release;
		};
		8D36AF32292FAD1800BFB40B /* Debug */ = {
			isa = XCBuildConfiguration;
			buildSettings = {
				ALWAYS_EMBED_SWIFT_STANDARD_LIBRARIES = YES;
				CODE_SIGN_STYLE = Automatic;
				CURRENT_PROJECT_VERSION = 1;
				DEVELOPMENT_TEAM = GMHUACJXLZ;
				GENERATE_INFOPLIST_FILE = YES;
				MARKETING_VERSION = 1.0;
				PRODUCT_BUNDLE_IDENTIFIER = com.lonalia.StateExampleUITests;
				PRODUCT_NAME = "$(TARGET_NAME)";
				SWIFT_EMIT_LOC_STRINGS = NO;
				SWIFT_VERSION = 5.0;
				TARGETED_DEVICE_FAMILY = "1,2";
				TEST_TARGET_NAME = StateExample;
			};
			name = Debug;
		};
		8D36AF33292FAD1800BFB40B /* Release */ = {
			isa = XCBuildConfiguration;
			buildSettings = {
				ALWAYS_EMBED_SWIFT_STANDARD_LIBRARIES = YES;
				CODE_SIGN_STYLE = Automatic;
				CURRENT_PROJECT_VERSION = 1;
				DEVELOPMENT_TEAM = GMHUACJXLZ;
				GENERATE_INFOPLIST_FILE = YES;
				MARKETING_VERSION = 1.0;
				PRODUCT_BUNDLE_IDENTIFIER = com.lonalia.StateExampleUITests;
				PRODUCT_NAME = "$(TARGET_NAME)";
				SWIFT_EMIT_LOC_STRINGS = NO;
				SWIFT_VERSION = 5.0;
				TARGETED_DEVICE_FAMILY = "1,2";
				TEST_TARGET_NAME = StateExample;
			};
			name = Release;
		};
/* End XCBuildConfiguration section */

/* Begin XCConfigurationList section */
		8D36AF02292FAD1700BFB40B /* Build configuration list for PBXProject "StateExample" */ = {
			isa = XCConfigurationList;
			buildConfigurations = (
				8D36AF29292FAD1800BFB40B /* Debug */,
				8D36AF2A292FAD1800BFB40B /* Release */,
			);
			defaultConfigurationIsVisible = 0;
			defaultConfigurationName = Release;
		};
		8D36AF2B292FAD1800BFB40B /* Build configuration list for PBXNativeTarget "StateExample" */ = {
			isa = XCConfigurationList;
			buildConfigurations = (
				8D36AF2C292FAD1800BFB40B /* Debug */,
				8D36AF2D292FAD1800BFB40B /* Release */,
			);
			defaultConfigurationIsVisible = 0;
			defaultConfigurationName = Release;
		};
		8D36AF2E292FAD1800BFB40B /* Build configuration list for PBXNativeTarget "StateExampleTests" */ = {
			isa = XCConfigurationList;
			buildConfigurations = (
				8D36AF2F292FAD1800BFB40B /* Debug */,
				8D36AF30292FAD1800BFB40B /* Release */,
			);
			defaultConfigurationIsVisible = 0;
			defaultConfigurationName = Release;
		};
		8D36AF31292FAD1800BFB40B /* Build configuration list for PBXNativeTarget "StateExampleUITests" */ = {
			isa = XCConfigurationList;
			buildConfigurations = (
				8D36AF32292FAD1800BFB40B /* Debug */,
				8D36AF33292FAD1800BFB40B /* Release */,
			);
			defaultConfigurationIsVisible = 0;
			defaultConfigurationName = Release;
		};
/* End XCConfigurationList section */
	};
	rootObject = 8D36AEFF292FAD1700BFB40B /* Project object */;
}
