// !$*UTF8*$!
{
	archiveVersion = 1;
	classes = {
	};
	objectVersion = 56;
	objects = {

/* Begin PBXBuildFile section */
		8D36AED5292F974A00BFB40B /* ScrollViewReaderExampleApp.swift in Sources */ = {isa = PBXBuildFile; fileRef = 8D36AED4292F974A00BFB40B /* ScrollViewReaderExampleApp.swift */; };
		8D36AED7292F974A00BFB40B /* ContentView.swift in Sources */ = {isa = PBXBuildFile; fileRef = 8D36AED6292F974A00BFB40B /* ContentView.swift */; };
		8D36AED9292F974B00BFB40B /* Assets.xcassets in Resources */ = {isa = PBXBuildFile; fileRef = 8D36AED8292F974B00BFB40B /* Assets.xcassets */; };
		8D36AEDC292F974B00BFB40B /* Preview Assets.xcassets in Resources */ = {isa = PBXBuildFile; fileRef = 8D36AEDB292F974B00BFB40B /* Preview Assets.xcassets */; };
		8D36AEE6292F974B00BFB40B /* ScrollViewReaderExampleTests.swift in Sources */ = {isa = PBXBuildFile; fileRef = 8D36AEE5292F974B00BFB40B /* ScrollViewReaderExampleTests.swift */; };
		8D36AEF0292F974B00BFB40B /* ScrollViewReaderExampleUITests.swift in Sources */ = {isa = PBXBuildFile; fileRef = 8D36AEEF292F974B00BFB40B /* ScrollViewReaderExampleUITests.swift */; };
		8D36AEF2292F974B00BFB40B /* ScrollViewReaderExampleUITestsLaunchTests.swift in Sources */ = {isa = PBXBuildFile; fileRef = 8D36AEF1292F974B00BFB40B /* ScrollViewReaderExampleUITestsLaunchTests.swift */; };
/* End PBXBuildFile section */

/* Begin PBXContainerItemProxy section */
		8D36AEE2292F974B00BFB40B /* PBXContainerItemProxy */ = {
			isa = PBXContainerItemProxy;
			containerPortal = 8D36AEC9292F974A00BFB40B /* Project object */;
			proxyType = 1;
			remoteGlobalIDString = 8D36AED0292F974A00BFB40B;
			remoteInfo = ScrollViewReaderExample;
		};
		8D36AEEC292F974B00BFB40B /* PBXContainerItemProxy */ = {
			isa = PBXContainerItemProxy;
			containerPortal = 8D36AEC9292F974A00BFB40B /* Project object */;
			proxyType = 1;
			remoteGlobalIDString = 8D36AED0292F974A00BFB40B;
			remoteInfo = ScrollViewReaderExample;
		};
/* End PBXContainerItemProxy section */

/* Begin PBXFileReference section */
		8D36AED1292F974A00BFB40B /* ScrollViewReaderExample.app */ = {isa = PBXFileReference; explicitFileType = wrapper.application; includeInIndex = 0; path = ScrollViewReaderExample.app; sourceTree = BUILT_PRODUCTS_DIR; };
		8D36AED4292F974A00BFB40B /* ScrollViewReaderExampleApp.swift */ = {isa = PBXFileReference; lastKnownFileType = sourcecode.swift; path = ScrollViewReaderExampleApp.swift; sourceTree = "<group>"; };
		8D36AED6292F974A00BFB40B /* ContentView.swift */ = {isa = PBXFileReference; lastKnownFileType = sourcecode.swift; path = ContentView.swift; sourceTree = "<group>"; };
		8D36AED8292F974B00BFB40B /* Assets.xcassets */ = {isa = PBXFileReference; lastKnownFileType = folder.assetcatalog; path = Assets.xcassets; sourceTree = "<group>"; };
		8D36AEDB292F974B00BFB40B /* Preview Assets.xcassets */ = {isa = PBXFileReference; lastKnownFileType = folder.assetcatalog; path = "Preview Assets.xcassets"; sourceTree = "<group>"; };
		8D36AEE1292F974B00BFB40B /* ScrollViewReaderExampleTests.xctest */ = {isa = PBXFileReference; explicitFileType = wrapper.cfbundle; includeInIndex = 0; path = ScrollViewReaderExampleTests.xctest; sourceTree = BUILT_PRODUCTS_DIR; };
		8D36AEE5292F974B00BFB40B /* ScrollViewReaderExampleTests.swift */ = {isa = PBXFileReference; lastKnownFileType = sourcecode.swift; path = ScrollViewReaderExampleTests.swift; sourceTree = "<group>"; };
		8D36AEEB292F974B00BFB40B /* ScrollViewReaderExampleUITests.xctest */ = {isa = PBXFileReference; explicitFileType = wrapper.cfbundle; includeInIndex = 0; path = ScrollViewReaderExampleUITests.xctest; sourceTree = BUILT_PRODUCTS_DIR; };
		8D36AEEF292F974B00BFB40B /* ScrollViewReaderExampleUITests.swift */ = {isa = PBXFileReference; lastKnownFileType = sourcecode.swift; path = ScrollViewReaderExampleUITests.swift; sourceTree = "<group>"; };
		8D36AEF1292F974B00BFB40B /* ScrollViewReaderExampleUITestsLaunchTests.swift */ = {isa = PBXFileReference; lastKnownFileType = sourcecode.swift; path = ScrollViewReaderExampleUITestsLaunchTests.swift; sourceTree = "<group>"; };
/* End PBXFileReference section */

/* Begin PBXFrameworksBuildPhase section */
		8D36AECE292F974A00BFB40B /* Frameworks */ = {
			isa = PBXFrameworksBuildPhase;
			buildActionMask = 2147483647;
			files = (
			);
			runOnlyForDeploymentPostprocessing = 0;
		};
		8D36AEDE292F974B00BFB40B /* Frameworks */ = {
			isa = PBXFrameworksBuildPhase;
			buildActionMask = 2147483647;
			files = (
			);
			runOnlyForDeploymentPostprocessing = 0;
		};
		8D36AEE8292F974B00BFB40B /* Frameworks */ = {
			isa = PBXFrameworksBuildPhase;
			buildActionMask = 2147483647;
			files = (
			);
			runOnlyForDeploymentPostprocessing = 0;
		};
/* End PBXFrameworksBuildPhase section */

/* Begin PBXGroup section */
		8D36AEC8292F974A00BFB40B = {
			isa = PBXGroup;
			children = (
				8D36AED3292F974A00BFB40B /* ScrollViewReaderExample */,
				8D36AEE4292F974B00BFB40B /* ScrollViewReaderExampleTests */,
				8D36AEEE292F974B00BFB40B /* ScrollViewReaderExampleUITests */,
				8D36AED2292F974A00BFB40B /* Products */,
			);
			sourceTree = "<group>";
		};
		8D36AED2292F974A00BFB40B /* Products */ = {
			isa = PBXGroup;
			children = (
				8D36AED1292F974A00BFB40B /* ScrollViewReaderExample.app */,
				8D36AEE1292F974B00BFB40B /* ScrollViewReaderExampleTests.xctest */,
				8D36AEEB292F974B00BFB40B /* ScrollViewReaderExampleUITests.xctest */,
			);
			name = Products;
			sourceTree = "<group>";
		};
		8D36AED3292F974A00BFB40B /* ScrollViewReaderExample */ = {
			isa = PBXGroup;
			children = (
				8D36AED4292F974A00BFB40B /* ScrollViewReaderExampleApp.swift */,
				8D36AED6292F974A00BFB40B /* ContentView.swift */,
				8D36AED8292F974B00BFB40B /* Assets.xcassets */,
				8D36AEDA292F974B00BFB40B /* Preview Content */,
			);
			path = ScrollViewReaderExample;
			sourceTree = "<group>";
		};
		8D36AEDA292F974B00BFB40B /* Preview Content */ = {
			isa = PBXGroup;
			children = (
				8D36AEDB292F974B00BFB40B /* Preview Assets.xcassets */,
			);
			path = "Preview Content";
			sourceTree = "<group>";
		};
		8D36AEE4292F974B00BFB40B /* ScrollViewReaderExampleTests */ = {
			isa = PBXGroup;
			children = (
				8D36AEE5292F974B00BFB40B /* ScrollViewReaderExampleTests.swift */,
			);
			path = ScrollViewReaderExampleTests;
			sourceTree = "<group>";
		};
		8D36AEEE292F974B00BFB40B /* ScrollViewReaderExampleUITests */ = {
			isa = PBXGroup;
			children = (
				8D36AEEF292F974B00BFB40B /* ScrollViewReaderExampleUITests.swift */,
				8D36AEF1292F974B00BFB40B /* ScrollViewReaderExampleUITestsLaunchTests.swift */,
			);
			path = ScrollViewReaderExampleUITests;
			sourceTree = "<group>";
		};
/* End PBXGroup section */

/* Begin PBXNativeTarget section */
		8D36AED0292F974A00BFB40B /* ScrollViewReaderExample */ = {
			isa = PBXNativeTarget;
			buildConfigurationList = 8D36AEF5292F974B00BFB40B /* Build configuration list for PBXNativeTarget "ScrollViewReaderExample" */;
			buildPhases = (
				8D36AECD292F974A00BFB40B /* Sources */,
				8D36AECE292F974A00BFB40B /* Frameworks */,
				8D36AECF292F974A00BFB40B /* Resources */,
			);
			buildRules = (
			);
			dependencies = (
			);
			name = ScrollViewReaderExample;
			productName = ScrollViewReaderExample;
			productReference = 8D36AED1292F974A00BFB40B /* ScrollViewReaderExample.app */;
			productType = "com.apple.product-type.application";
		};
		8D36AEE0292F974B00BFB40B /* ScrollViewReaderExampleTests */ = {
			isa = PBXNativeTarget;
			buildConfigurationList = 8D36AEF8292F974B00BFB40B /* Build configuration list for PBXNativeTarget "ScrollViewReaderExampleTests" */;
			buildPhases = (
				8D36AEDD292F974B00BFB40B /* Sources */,
				8D36AEDE292F974B00BFB40B /* Frameworks */,
				8D36AEDF292F974B00BFB40B /* Resources */,
			);
			buildRules = (
			);
			dependencies = (
				8D36AEE3292F974B00BFB40B /* PBXTargetDependency */,
			);
			name = ScrollViewReaderExampleTests;
			productName = ScrollViewReaderExampleTests;
			productReference = 8D36AEE1292F974B00BFB40B /* ScrollViewReaderExampleTests.xctest */;
			productType = "com.apple.product-type.bundle.unit-test";
		};
		8D36AEEA292F974B00BFB40B /* ScrollViewReaderExampleUITests */ = {
			isa = PBXNativeTarget;
			buildConfigurationList = 8D36AEFB292F974B00BFB40B /* Build configuration list for PBXNativeTarget "ScrollViewReaderExampleUITests" */;
			buildPhases = (
				8D36AEE7292F974B00BFB40B /* Sources */,
				8D36AEE8292F974B00BFB40B /* Frameworks */,
				8D36AEE9292F974B00BFB40B /* Resources */,
			);
			buildRules = (
			);
			dependencies = (
				8D36AEED292F974B00BFB40B /* PBXTargetDependency */,
			);
			name = ScrollViewReaderExampleUITests;
			productName = ScrollViewReaderExampleUITests;
			productReference = 8D36AEEB292F974B00BFB40B /* ScrollViewReaderExampleUITests.xctest */;
			productType = "com.apple.product-type.bundle.ui-testing";
		};
/* End PBXNativeTarget section */

/* Begin PBXProject section */
		8D36AEC9292F974A00BFB40B /* Project object */ = {
			isa = PBXProject;
			attributes = {
				BuildIndependentTargetsInParallel = 1;
				LastSwiftUpdateCheck = 1400;
				LastUpgradeCheck = 1400;
				TargetAttributes = {
					8D36AED0292F974A00BFB40B = {
						CreatedOnToolsVersion = 14.0;
					};
					8D36AEE0292F974B00BFB40B = {
						CreatedOnToolsVersion = 14.0;
						TestTargetID = 8D36AED0292F974A00BFB40B;
					};
					8D36AEEA292F974B00BFB40B = {
						CreatedOnToolsVersion = 14.0;
						TestTargetID = 8D36AED0292F974A00BFB40B;
					};
				};
			};
			buildConfigurationList = 8D36AECC292F974A00BFB40B /* Build configuration list for PBXProject "ScrollViewReaderExample" */;
			compatibilityVersion = "Xcode 14.0";
			developmentRegion = en;
			hasScannedForEncodings = 0;
			knownRegions = (
				en,
				Base,
			);
			mainGroup = 8D36AEC8292F974A00BFB40B;
			productRefGroup = 8D36AED2292F974A00BFB40B /* Products */;
			projectDirPath = "";
			projectRoot = "";
			targets = (
				8D36AED0292F974A00BFB40B /* ScrollViewReaderExample */,
				8D36AEE0292F974B00BFB40B /* ScrollViewReaderExampleTests */,
				8D36AEEA292F974B00BFB40B /* ScrollViewReaderExampleUITests */,
			);
		};
/* End PBXProject section */

/* Begin PBXResourcesBuildPhase section */
		8D36AECF292F974A00BFB40B /* Resources */ = {
			isa = PBXResourcesBuildPhase;
			buildActionMask = 2147483647;
			files = (
				8D36AEDC292F974B00BFB40B /* Preview Assets.xcassets in Resources */,
				8D36AED9292F974B00BFB40B /* Assets.xcassets in Resources */,
			);
			runOnlyForDeploymentPostprocessing = 0;
		};
		8D36AEDF292F974B00BFB40B /* Resources */ = {
			isa = PBXResourcesBuildPhase;
			buildActionMask = 2147483647;
			files = (
			);
			runOnlyForDeploymentPostprocessing = 0;
		};
		8D36AEE9292F974B00BFB40B /* Resources */ = {
			isa = PBXResourcesBuildPhase;
			buildActionMask = 2147483647;
			files = (
			);
			runOnlyForDeploymentPostprocessing = 0;
		};
/* End PBXResourcesBuildPhase section */

/* Begin PBXSourcesBuildPhase section */
		8D36AECD292F974A00BFB40B /* Sources */ = {
			isa = PBXSourcesBuildPhase;
			buildActionMask = 2147483647;
			files = (
				8D36AED7292F974A00BFB40B /* ContentView.swift in Sources */,
				8D36AED5292F974A00BFB40B /* ScrollViewReaderExampleApp.swift in Sources */,
			);
			runOnlyForDeploymentPostprocessing = 0;
		};
		8D36AEDD292F974B00BFB40B /* Sources */ = {
			isa = PBXSourcesBuildPhase;
			buildActionMask = 2147483647;
			files = (
				8D36AEE6292F974B00BFB40B /* ScrollViewReaderExampleTests.swift in Sources */,
			);
			runOnlyForDeploymentPostprocessing = 0;
		};
		8D36AEE7292F974B00BFB40B /* Sources */ = {
			isa = PBXSourcesBuildPhase;
			buildActionMask = 2147483647;
			files = (
				8D36AEF2292F974B00BFB40B /* ScrollViewReaderExampleUITestsLaunchTests.swift in Sources */,
				8D36AEF0292F974B00BFB40B /* ScrollViewReaderExampleUITests.swift in Sources */,
			);
			runOnlyForDeploymentPostprocessing = 0;
		};
/* End PBXSourcesBuildPhase section */

/* Begin PBXTargetDependency section */
		8D36AEE3292F974B00BFB40B /* PBXTargetDependency */ = {
			isa = PBXTargetDependency;
			target = 8D36AED0292F974A00BFB40B /* ScrollViewReaderExample */;
			targetProxy = 8D36AEE2292F974B00BFB40B /* PBXContainerItemProxy */;
		};
		8D36AEED292F974B00BFB40B /* PBXTargetDependency */ = {
			isa = PBXTargetDependency;
			target = 8D36AED0292F974A00BFB40B /* ScrollViewReaderExample */;
			targetProxy = 8D36AEEC292F974B00BFB40B /* PBXContainerItemProxy */;
		};
/* End PBXTargetDependency section */

/* Begin XCBuildConfiguration section */
		8D36AEF3292F974B00BFB40B /* Debug */ = {
			isa = XCBuildConfiguration;
			buildSettings = {
				ALWAYS_SEARCH_USER_PATHS = NO;
				CLANG_ANALYZER_NONNULL = YES;
				CLANG_ANALYZER_NUMBER_OBJECT_CONVERSION = YES_AGGRESSIVE;
				CLANG_CXX_LANGUAGE_STANDARD = "gnu++20";
				CLANG_ENABLE_MODULES = YES;
				CLANG_ENABLE_OBJC_ARC = YES;
				CLANG_ENABLE_OBJC_WEAK = YES;
				CLANG_WARN_BLOCK_CAPTURE_AUTORELEASING = YES;
				CLANG_WARN_BOOL_CONVERSION = YES;
				CLANG_WARN_COMMA = YES;
				CLANG_WARN_CONSTANT_CONVERSION = YES;
				CLANG_WARN_DEPRECATED_OBJC_IMPLEMENTATIONS = YES;
				CLANG_WARN_DIRECT_OBJC_ISA_USAGE = YES_ERROR;
				CLANG_WARN_DOCUMENTATION_COMMENTS = YES;
				CLANG_WARN_EMPTY_BODY = YES;
				CLANG_WARN_ENUM_CONVERSION = YES;
				CLANG_WARN_INFINITE_RECURSION = YES;
				CLANG_WARN_INT_CONVERSION = YES;
				CLANG_WARN_NON_LITERAL_NULL_CONVERSION = YES;
				CLANG_WARN_OBJC_IMPLICIT_RETAIN_SELF = YES;
				CLANG_WARN_OBJC_LITERAL_CONVERSION = YES;
				CLANG_WARN_OBJC_ROOT_CLASS = YES_ERROR;
				CLANG_WARN_QUOTED_INCLUDE_IN_FRAMEWORK_HEADER = YES;
				CLANG_WARN_RANGE_LOOP_ANALYSIS = YES;
				CLANG_WARN_STRICT_PROTOTYPES = YES;
				CLANG_WARN_SUSPICIOUS_MOVE = YES;
				CLANG_WARN_UNGUARDED_AVAILABILITY = YES_AGGRESSIVE;
				CLANG_WARN_UNREACHABLE_CODE = YES;
				CLANG_WARN__DUPLICATE_METHOD_MATCH = YES;
				COPY_PHASE_STRIP = NO;
				DEBUG_INFORMATION_FORMAT = dwarf;
				ENABLE_STRICT_OBJC_MSGSEND = YES;
				ENABLE_TESTABILITY = YES;
				GCC_C_LANGUAGE_STANDARD = gnu11;
				GCC_DYNAMIC_NO_PIC = NO;
				GCC_NO_COMMON_BLOCKS = YES;
				GCC_OPTIMIZATION_LEVEL = 0;
				GCC_PREPROCESSOR_DEFINITIONS = (
					"DEBUG=1",
					"$(inherited)",
				);
				GCC_WARN_64_TO_32_BIT_CONVERSION = YES;
				GCC_WARN_ABOUT_RETURN_TYPE = YES_ERROR;
				GCC_WARN_UNDECLARED_SELECTOR = YES;
				GCC_WARN_UNINITIALIZED_AUTOS = YES_AGGRESSIVE;
				GCC_WARN_UNUSED_FUNCTION = YES;
				GCC_WARN_UNUSED_VARIABLE = YES;
				IPHONEOS_DEPLOYMENT_TARGET = 16.0;
				MTL_ENABLE_DEBUG_INFO = INCLUDE_SOURCE;
				MTL_FAST_MATH = YES;
				ONLY_ACTIVE_ARCH = YES;
				SDKROOT = iphoneos;
				SWIFT_ACTIVE_COMPILATION_CONDITIONS = DEBUG;
				SWIFT_OPTIMIZATION_LEVEL = "-Onone";
			};
			name = Debug;
		};
		8D36AEF4292F974B00BFB40B /* Release */ = {
			isa = XCBuildConfiguration;
			buildSettings = {
				ALWAYS_SEARCH_USER_PATHS = NO;
				CLANG_ANALYZER_NONNULL = YES;
				CLANG_ANALYZER_NUMBER_OBJECT_CONVERSION = YES_AGGRESSIVE;
				CLANG_CXX_LANGUAGE_STANDARD = "gnu++20";
				CLANG_ENABLE_MODULES = YES;
				CLANG_ENABLE_OBJC_ARC = YES;
				CLANG_ENABLE_OBJC_WEAK = YES;
				CLANG_WARN_BLOCK_CAPTURE_AUTORELEASING = YES;
				CLANG_WARN_BOOL_CONVERSION = YES;
				CLANG_WARN_COMMA = YES;
				CLANG_WARN_CONSTANT_CONVERSION = YES;
				CLANG_WARN_DEPRECATED_OBJC_IMPLEMENTATIONS = YES;
				CLANG_WARN_DIRECT_OBJC_ISA_USAGE = YES_ERROR;
				CLANG_WARN_DOCUMENTATION_COMMENTS = YES;
				CLANG_WARN_EMPTY_BODY = YES;
				CLANG_WARN_ENUM_CONVERSION = YES;
				CLANG_WARN_INFINITE_RECURSION = YES;
				CLANG_WARN_INT_CONVERSION = YES;
				CLANG_WARN_NON_LITERAL_NULL_CONVERSION = YES;
				CLANG_WARN_OBJC_IMPLICIT_RETAIN_SELF = YES;
				CLANG_WARN_OBJC_LITERAL_CONVERSION = YES;
				CLANG_WARN_OBJC_ROOT_CLASS = YES_ERROR;
				CLANG_WARN_QUOTED_INCLUDE_IN_FRAMEWORK_HEADER = YES;
				CLANG_WARN_RANGE_LOOP_ANALYSIS = YES;
				CLANG_WARN_STRICT_PROTOTYPES = YES;
				CLANG_WARN_SUSPICIOUS_MOVE = YES;
				CLANG_WARN_UNGUARDED_AVAILABILITY = YES_AGGRESSIVE;
				CLANG_WARN_UNREACHABLE_CODE = YES;
				CLANG_WARN__DUPLICATE_METHOD_MATCH = YES;
				COPY_PHASE_STRIP = NO;
				DEBUG_INFORMATION_FORMAT = "dwarf-with-dsym";
				ENABLE_NS_ASSERTIONS = NO;
				ENABLE_STRICT_OBJC_MSGSEND = YES;
				GCC_C_LANGUAGE_STANDARD = gnu11;
				GCC_NO_COMMON_BLOCKS = YES;
				GCC_WARN_64_TO_32_BIT_CONVERSION = YES;
				GCC_WARN_ABOUT_RETURN_TYPE = YES_ERROR;
				GCC_WARN_UNDECLARED_SELECTOR = YES;
				GCC_WARN_UNINITIALIZED_AUTOS = YES_AGGRESSIVE;
				GCC_WARN_UNUSED_FUNCTION = YES;
				GCC_WARN_UNUSED_VARIABLE = YES;
				IPHONEOS_DEPLOYMENT_TARGET = 16.0;
				MTL_ENABLE_DEBUG_INFO = NO;
				MTL_FAST_MATH = YES;
				SDKROOT = iphoneos;
				SWIFT_COMPILATION_MODE = wholemodule;
				SWIFT_OPTIMIZATION_LEVEL = "-O";
				VALIDATE_PRODUCT = YES;
			};
			name = Release;
		};
		8D36AEF6292F974B00BFB40B /* Debug */ = {
			isa = XCBuildConfiguration;
			buildSettings = {
				ASSETCATALOG_COMPILER_APPICON_NAME = AppIcon;
				ASSETCATALOG_COMPILER_GLOBAL_ACCENT_COLOR_NAME = AccentColor;
				CODE_SIGN_STYLE = Automatic;
				CURRENT_PROJECT_VERSION = 1;
				DEVELOPMENT_ASSET_PATHS = "\"ScrollViewReaderExample/Preview Content\"";
				DEVELOPMENT_TEAM = GMHUACJXLZ;
				ENABLE_PREVIEWS = YES;
				GENERATE_INFOPLIST_FILE = YES;
				INFOPLIST_KEY_UIApplicationSceneManifest_Generation = YES;
				INFOPLIST_KEY_UIApplicationSupportsIndirectInputEvents = YES;
				INFOPLIST_KEY_UILaunchScreen_Generation = YES;
				INFOPLIST_KEY_UISupportedInterfaceOrientations_iPad = "UIInterfaceOrientationPortrait UIInterfaceOrientationPortraitUpsideDown UIInterfaceOrientationLandscapeLeft UIInterfaceOrientationLandscapeRight";
				INFOPLIST_KEY_UISupportedInterfaceOrientations_iPhone = "UIInterfaceOrientationPortrait UIInterfaceOrientationLandscapeLeft UIInterfaceOrientationLandscapeRight";
				LD_RUNPATH_SEARCH_PATHS = (
					"$(inherited)",
					"@executable_path/Frameworks",
				);
				MARKETING_VERSION = 1.0;
				PRODUCT_BUNDLE_IDENTIFIER = com.lonalia.ScrollViewReaderExample;
				PRODUCT_NAME = "$(TARGET_NAME)";
				SWIFT_EMIT_LOC_STRINGS = YES;
				SWIFT_VERSION = 5.0;
				TARGETED_DEVICE_FAMILY = "1,2";
			};
			name = Debug;
		};
		8D36AEF7292F974B00BFB40B /* Release */ = {
			isa = XCBuildConfiguration;
			buildSettings = {
				ASSETCATALOG_COMPILER_APPICON_NAME = AppIcon;
				ASSETCATALOG_COMPILER_GLOBAL_ACCENT_COLOR_NAME = AccentColor;
				CODE_SIGN_STYLE = Automatic;
				CURRENT_PROJECT_VERSION = 1;
				DEVELOPMENT_ASSET_PATHS = "\"ScrollViewReaderExample/Preview Content\"";
				DEVELOPMENT_TEAM = GMHUACJXLZ;
				ENABLE_PREVIEWS = YES;
				GENERATE_INFOPLIST_FILE = YES;
				INFOPLIST_KEY_UIApplicationSceneManifest_Generation = YES;
				INFOPLIST_KEY_UIApplicationSupportsIndirectInputEvents = YES;
				INFOPLIST_KEY_UILaunchScreen_Generation = YES;
				INFOPLIST_KEY_UISupportedInterfaceOrientations_iPad = "UIInterfaceOrientationPortrait UIInterfaceOrientationPortraitUpsideDown UIInterfaceOrientationLandscapeLeft UIInterfaceOrientationLandscapeRight";
				INFOPLIST_KEY_UISupportedInterfaceOrientations_iPhone = "UIInterfaceOrientationPortrait UIInterfaceOrientationLandscapeLeft UIInterfaceOrientationLandscapeRight";
				LD_RUNPATH_SEARCH_PATHS = (
					"$(inherited)",
					"@executable_path/Frameworks",
				);
				MARKETING_VERSION = 1.0;
				PRODUCT_BUNDLE_IDENTIFIER = com.lonalia.ScrollViewReaderExample;
				PRODUCT_NAME = "$(TARGET_NAME)";
				SWIFT_EMIT_LOC_STRINGS = YES;
				SWIFT_VERSION = 5.0;
				TARGETED_DEVICE_FAMILY = "1,2";
			};
			name = Release;
		};
		8D36AEF9292F974B00BFB40B /* Debug */ = {
			isa = XCBuildConfiguration;
			buildSettings = {
				ALWAYS_EMBED_SWIFT_STANDARD_LIBRARIES = YES;
				BUNDLE_LOADER = "$(TEST_HOST)";
				CODE_SIGN_STYLE = Automatic;
				CURRENT_PROJECT_VERSION = 1;
				DEVELOPMENT_TEAM = GMHUACJXLZ;
				GENERATE_INFOPLIST_FILE = YES;
				IPHONEOS_DEPLOYMENT_TARGET = 16.0;
				MARKETING_VERSION = 1.0;
				PRODUCT_BUNDLE_IDENTIFIER = com.lonalia.ScrollViewReaderExampleTests;
				PRODUCT_NAME = "$(TARGET_NAME)";
				SWIFT_EMIT_LOC_STRINGS = NO;
				SWIFT_VERSION = 5.0;
				TARGETED_DEVICE_FAMILY = "1,2";
				TEST_HOST = "$(BUILT_PRODUCTS_DIR)/ScrollViewReaderExample.app/$(BUNDLE_EXECUTABLE_FOLDER_PATH)/ScrollViewReaderExample";
			};
			name = Debug;
		};
		8D36AEFA292F974B00BFB40B /* Release */ = {
			isa = XCBuildConfiguration;
			buildSettings = {
				ALWAYS_EMBED_SWIFT_STANDARD_LIBRARIES = YES;
				BUNDLE_LOADER = "$(TEST_HOST)";
				CODE_SIGN_STYLE = Automatic;
				CURRENT_PROJECT_VERSION = 1;
				DEVELOPMENT_TEAM = GMHUACJXLZ;
				GENERATE_INFOPLIST_FILE = YES;
				IPHONEOS_DEPLOYMENT_TARGET = 16.0;
				MARKETING_VERSION = 1.0;
				PRODUCT_BUNDLE_IDENTIFIER = com.lonalia.ScrollViewReaderExampleTests;
				PRODUCT_NAME = "$(TARGET_NAME)";
				SWIFT_EMIT_LOC_STRINGS = NO;
				SWIFT_VERSION = 5.0;
				TARGETED_DEVICE_FAMILY = "1,2";
				TEST_HOST = "$(BUILT_PRODUCTS_DIR)/ScrollViewReaderExample.app/$(BUNDLE_EXECUTABLE_FOLDER_PATH)/ScrollViewReaderExample";
			};
			name = Release;
		};
		8D36AEFC292F974B00BFB40B /* Debug */ = {
			isa = XCBuildConfiguration;
			buildSettings = {
				ALWAYS_EMBED_SWIFT_STANDARD_LIBRARIES = YES;
				CODE_SIGN_STYLE = Automatic;
				CURRENT_PROJECT_VERSION = 1;
				DEVELOPMENT_TEAM = GMHUACJXLZ;
				GENERATE_INFOPLIST_FILE = YES;
				MARKETING_VERSION = 1.0;
				PRODUCT_BUNDLE_IDENTIFIER = com.lonalia.ScrollViewReaderExampleUITests;
				PRODUCT_NAME = "$(TARGET_NAME)";
				SWIFT_EMIT_LOC_STRINGS = NO;
				SWIFT_VERSION = 5.0;
				TARGETED_DEVICE_FAMILY = "1,2";
				TEST_TARGET_NAME = ScrollViewReaderExample;
			};
			name = Debug;
		};
		8D36AEFD292F974B00BFB40B /* Release */ = {
			isa = XCBuildConfiguration;
			buildSettings = {
				ALWAYS_EMBED_SWIFT_STANDARD_LIBRARIES = YES;
				CODE_SIGN_STYLE = Automatic;
				CURRENT_PROJECT_VERSION = 1;
				DEVELOPMENT_TEAM = GMHUACJXLZ;
				GENERATE_INFOPLIST_FILE = YES;
				MARKETING_VERSION = 1.0;
				PRODUCT_BUNDLE_IDENTIFIER = com.lonalia.ScrollViewReaderExampleUITests;
				PRODUCT_NAME = "$(TARGET_NAME)";
				SWIFT_EMIT_LOC_STRINGS = NO;
				SWIFT_VERSION = 5.0;
				TARGETED_DEVICE_FAMILY = "1,2";
				TEST_TARGET_NAME = ScrollViewReaderExample;
			};
			name = Release;
		};
/* End XCBuildConfiguration section */

/* Begin XCConfigurationList section */
		8D36AECC292F974A00BFB40B /* Build configuration list for PBXProject "ScrollViewReaderExample" */ = {
			isa = XCConfigurationList;
			buildConfigurations = (
				8D36AEF3292F974B00BFB40B /* Debug */,
				8D36AEF4292F974B00BFB40B /* Release */,
			);
			defaultConfigurationIsVisible = 0;
			defaultConfigurationName = Release;
		};
		8D36AEF5292F974B00BFB40B /* Build configuration list for PBXNativeTarget "ScrollViewReaderExample" */ = {
			isa = XCConfigurationList;
			buildConfigurations = (
				8D36AEF6292F974B00BFB40B /* Debug */,
				8D36AEF7292F974B00BFB40B /* Release */,
			);
			defaultConfigurationIsVisible = 0;
			defaultConfigurationName = Release;
		};
		8D36AEF8292F974B00BFB40B /* Build configuration list for PBXNativeTarget "ScrollViewReaderExampleTests" */ = {
			isa = XCConfigurationList;
			buildConfigurations = (
				8D36AEF9292F974B00BFB40B /* Debug */,
				8D36AEFA292F974B00BFB40B /* Release */,
			);
			defaultConfigurationIsVisible = 0;
			defaultConfigurationName = Release;
		};
		8D36AEFB292F974B00BFB40B /* Build configuration list for PBXNativeTarget "ScrollViewReaderExampleUITests" */ = {
			isa = XCConfigurationList;
			buildConfigurations = (
				8D36AEFC292F974B00BFB40B /* Debug */,
				8D36AEFD292F974B00BFB40B /* Release */,
			);
			defaultConfigurationIsVisible = 0;
			defaultConfigurationName = Release;
		};
/* End XCConfigurationList section */
	};
	rootObject = 8D36AEC9292F974A00BFB40B /* Project object */;
}
