// !$*UTF8*$!
{
	archiveVersion = 1;
	classes = {
	};
	objectVersion = 56;
	objects = {

/* Begin PBXBuildFile section */
		8D59F9AC28F2C23A00CDD126 /* ViewModifierExampleApp.swift in Sources */ = {isa = PBXBuildFile; fileRef = 8D59F9AB28F2C23A00CDD126 /* ViewModifierExampleApp.swift */; };
		8D59F9AE28F2C23A00CDD126 /* ContentView.swift in Sources */ = {isa = PBXBuildFile; fileRef = 8D59F9AD28F2C23A00CDD126 /* ContentView.swift */; };
		8D59F9B028F2C23B00CDD126 /* Assets.xcassets in Resources */ = {isa = PBXBuildFile; fileRef = 8D59F9AF28F2C23B00CDD126 /* Assets.xcassets */; };
		8D59F9B328F2C23B00CDD126 /* Preview Assets.xcassets in Resources */ = {isa = PBXBuildFile; fileRef = 8D59F9B228F2C23B00CDD126 /* Preview Assets.xcassets */; };
		8D59F9BD28F2C23B00CDD126 /* ViewModifierExampleTests.swift in Sources */ = {isa = PBXBuildFile; fileRef = 8D59F9BC28F2C23B00CDD126 /* ViewModifierExampleTests.swift */; };
		8D59F9C728F2C23B00CDD126 /* ViewModifierExampleUITests.swift in Sources */ = {isa = PBXBuildFile; fileRef = 8D59F9C628F2C23B00CDD126 /* ViewModifierExampleUITests.swift */; };
		8D59F9C928F2C23B00CDD126 /* ViewModifierExampleUITestsLaunchTests.swift in Sources */ = {isa = PBXBuildFile; fileRef = 8D59F9C828F2C23B00CDD126 /* ViewModifierExampleUITestsLaunchTests.swift */; };
/* End PBXBuildFile section */

/* Begin PBXContainerItemProxy section */
		8D59F9B928F2C23B00CDD126 /* PBXContainerItemProxy */ = {
			isa = PBXContainerItemProxy;
			containerPortal = 8D59F9A028F2C23A00CDD126 /* Project object */;
			proxyType = 1;
			remoteGlobalIDString = 8D59F9A728F2C23A00CDD126;
			remoteInfo = ViewModifierExample;
		};
		8D59F9C328F2C23B00CDD126 /* PBXContainerItemProxy */ = {
			isa = PBXContainerItemProxy;
			containerPortal = 8D59F9A028F2C23A00CDD126 /* Project object */;
			proxyType = 1;
			remoteGlobalIDString = 8D59F9A728F2C23A00CDD126;
			remoteInfo = ViewModifierExample;
		};
/* End PBXContainerItemProxy section */

/* Begin PBXFileReference section */
		8D59F9A828F2C23A00CDD126 /* ViewModifierExample.app */ = {isa = PBXFileReference; explicitFileType = wrapper.application; includeInIndex = 0; path = ViewModifierExample.app; sourceTree = BUILT_PRODUCTS_DIR; };
		8D59F9AB28F2C23A00CDD126 /* ViewModifierExampleApp.swift */ = {isa = PBXFileReference; lastKnownFileType = sourcecode.swift; path = ViewModifierExampleApp.swift; sourceTree = "<group>"; };
		8D59F9AD28F2C23A00CDD126 /* ContentView.swift */ = {isa = PBXFileReference; lastKnownFileType = sourcecode.swift; path = ContentView.swift; sourceTree = "<group>"; };
		8D59F9AF28F2C23B00CDD126 /* Assets.xcassets */ = {isa = PBXFileReference; lastKnownFileType = folder.assetcatalog; path = Assets.xcassets; sourceTree = "<group>"; };
		8D59F9B228F2C23B00CDD126 /* Preview Assets.xcassets */ = {isa = PBXFileReference; lastKnownFileType = folder.assetcatalog; path = "Preview Assets.xcassets"; sourceTree = "<group>"; };
		8D59F9B828F2C23B00CDD126 /* ViewModifierExampleTests.xctest */ = {isa = PBXFileReference; explicitFileType = wrapper.cfbundle; includeInIndex = 0; path = ViewModifierExampleTests.xctest; sourceTree = BUILT_PRODUCTS_DIR; };
		8D59F9BC28F2C23B00CDD126 /* ViewModifierExampleTests.swift */ = {isa = PBXFileReference; lastKnownFileType = sourcecode.swift; path = ViewModifierExampleTests.swift; sourceTree = "<group>"; };
		8D59F9C228F2C23B00CDD126 /* ViewModifierExampleUITests.xctest */ = {isa = PBXFileReference; explicitFileType = wrapper.cfbundle; includeInIndex = 0; path = ViewModifierExampleUITests.xctest; sourceTree = BUILT_PRODUCTS_DIR; };
		8D59F9C628F2C23B00CDD126 /* ViewModifierExampleUITests.swift */ = {isa = PBXFileReference; lastKnownFileType = sourcecode.swift; path = ViewModifierExampleUITests.swift; sourceTree = "<group>"; };
		8D59F9C828F2C23B00CDD126 /* ViewModifierExampleUITestsLaunchTests.swift */ = {isa = PBXFileReference; lastKnownFileType = sourcecode.swift; path = ViewModifierExampleUITestsLaunchTests.swift; sourceTree = "<group>"; };
/* End PBXFileReference section */

/* Begin PBXFrameworksBuildPhase section */
		8D59F9A528F2C23A00CDD126 /* Frameworks */ = {
			isa = PBXFrameworksBuildPhase;
			buildActionMask = 2147483647;
			files = (
			);
			runOnlyForDeploymentPostprocessing = 0;
		};
		8D59F9B528F2C23B00CDD126 /* Frameworks */ = {
			isa = PBXFrameworksBuildPhase;
			buildActionMask = 2147483647;
			files = (
			);
			runOnlyForDeploymentPostprocessing = 0;
		};
		8D59F9BF28F2C23B00CDD126 /* Frameworks */ = {
			isa = PBXFrameworksBuildPhase;
			buildActionMask = 2147483647;
			files = (
			);
			runOnlyForDeploymentPostprocessing = 0;
		};
/* End PBXFrameworksBuildPhase section */

/* Begin PBXGroup section */
		8D59F99F28F2C23A00CDD126 = {
			isa = PBXGroup;
			children = (
				8D59F9AA28F2C23A00CDD126 /* ViewModifierExample */,
				8D59F9BB28F2C23B00CDD126 /* ViewModifierExampleTests */,
				8D59F9C528F2C23B00CDD126 /* ViewModifierExampleUITests */,
				8D59F9A928F2C23A00CDD126 /* Products */,
			);
			sourceTree = "<group>";
		};
		8D59F9A928F2C23A00CDD126 /* Products */ = {
			isa = PBXGroup;
			children = (
				8D59F9A828F2C23A00CDD126 /* ViewModifierExample.app */,
				8D59F9B828F2C23B00CDD126 /* ViewModifierExampleTests.xctest */,
				8D59F9C228F2C23B00CDD126 /* ViewModifierExampleUITests.xctest */,
			);
			name = Products;
			sourceTree = "<group>";
		};
		8D59F9AA28F2C23A00CDD126 /* ViewModifierExample */ = {
			isa = PBXGroup;
			children = (
				8D59F9AB28F2C23A00CDD126 /* ViewModifierExampleApp.swift */,
				8D59F9AD28F2C23A00CDD126 /* ContentView.swift */,
				8D59F9AF28F2C23B00CDD126 /* Assets.xcassets */,
				8D59F9B128F2C23B00CDD126 /* Preview Content */,
			);
			path = ViewModifierExample;
			sourceTree = "<group>";
		};
		8D59F9B128F2C23B00CDD126 /* Preview Content */ = {
			isa = PBXGroup;
			children = (
				8D59F9B228F2C23B00CDD126 /* Preview Assets.xcassets */,
			);
			path = "Preview Content";
			sourceTree = "<group>";
		};
		8D59F9BB28F2C23B00CDD126 /* ViewModifierExampleTests */ = {
			isa = PBXGroup;
			children = (
				8D59F9BC28F2C23B00CDD126 /* ViewModifierExampleTests.swift */,
			);
			path = ViewModifierExampleTests;
			sourceTree = "<group>";
		};
		8D59F9C528F2C23B00CDD126 /* ViewModifierExampleUITests */ = {
			isa = PBXGroup;
			children = (
				8D59F9C628F2C23B00CDD126 /* ViewModifierExampleUITests.swift */,
				8D59F9C828F2C23B00CDD126 /* ViewModifierExampleUITestsLaunchTests.swift */,
			);
			path = ViewModifierExampleUITests;
			sourceTree = "<group>";
		};
/* End PBXGroup section */

/* Begin PBXNativeTarget section */
		8D59F9A728F2C23A00CDD126 /* ViewModifierExample */ = {
			isa = PBXNativeTarget;
			buildConfigurationList = 8D59F9CC28F2C23B00CDD126 /* Build configuration list for PBXNativeTarget "ViewModifierExample" */;
			buildPhases = (
				8D59F9A428F2C23A00CDD126 /* Sources */,
				8D59F9A528F2C23A00CDD126 /* Frameworks */,
				8D59F9A628F2C23A00CDD126 /* Resources */,
			);
			buildRules = (
			);
			dependencies = (
			);
			name = ViewModifierExample;
			productName = ViewModifierExample;
			productReference = 8D59F9A828F2C23A00CDD126 /* ViewModifierExample.app */;
			productType = "com.apple.product-type.application";
		};
		8D59F9B728F2C23B00CDD126 /* ViewModifierExampleTests */ = {
			isa = PBXNativeTarget;
			buildConfigurationList = 8D59F9CF28F2C23B00CDD126 /* Build configuration list for PBXNativeTarget "ViewModifierExampleTests" */;
			buildPhases = (
				8D59F9B428F2C23B00CDD126 /* Sources */,
				8D59F9B528F2C23B00CDD126 /* Frameworks */,
				8D59F9B628F2C23B00CDD126 /* Resources */,
			);
			buildRules = (
			);
			dependencies = (
				8D59F9BA28F2C23B00CDD126 /* PBXTargetDependency */,
			);
			name = ViewModifierExampleTests;
			productName = ViewModifierExampleTests;
			productReference = 8D59F9B828F2C23B00CDD126 /* ViewModifierExampleTests.xctest */;
			productType = "com.apple.product-type.bundle.unit-test";
		};
		8D59F9C128F2C23B00CDD126 /* ViewModifierExampleUITests */ = {
			isa = PBXNativeTarget;
			buildConfigurationList = 8D59F9D228F2C23B00CDD126 /* Build configuration list for PBXNativeTarget "ViewModifierExampleUITests" */;
			buildPhases = (
				8D59F9BE28F2C23B00CDD126 /* Sources */,
				8D59F9BF28F2C23B00CDD126 /* Frameworks */,
				8D59F9C028F2C23B00CDD126 /* Resources */,
			);
			buildRules = (
			);
			dependencies = (
				8D59F9C428F2C23B00CDD126 /* PBXTargetDependency */,
			);
			name = ViewModifierExampleUITests;
			productName = ViewModifierExampleUITests;
			productReference = 8D59F9C228F2C23B00CDD126 /* ViewModifierExampleUITests.xctest */;
			productType = "com.apple.product-type.bundle.ui-testing";
		};
/* End PBXNativeTarget section */

/* Begin PBXProject section */
		8D59F9A028F2C23A00CDD126 /* Project object */ = {
			isa = PBXProject;
			attributes = {
				BuildIndependentTargetsInParallel = 1;
				LastSwiftUpdateCheck = 1400;
				LastUpgradeCheck = 1400;
				TargetAttributes = {
					8D59F9A728F2C23A00CDD126 = {
						CreatedOnToolsVersion = 14.0;
					};
					8D59F9B728F2C23B00CDD126 = {
						CreatedOnToolsVersion = 14.0;
						TestTargetID = 8D59F9A728F2C23A00CDD126;
					};
					8D59F9C128F2C23B00CDD126 = {
						CreatedOnToolsVersion = 14.0;
						TestTargetID = 8D59F9A728F2C23A00CDD126;
					};
				};
			};
			buildConfigurationList = 8D59F9A328F2C23A00CDD126 /* Build configuration list for PBXProject "ViewModifierExample" */;
			compatibilityVersion = "Xcode 14.0";
			developmentRegion = en;
			hasScannedForEncodings = 0;
			knownRegions = (
				en,
				Base,
			);
			mainGroup = 8D59F99F28F2C23A00CDD126;
			productRefGroup = 8D59F9A928F2C23A00CDD126 /* Products */;
			projectDirPath = "";
			projectRoot = "";
			targets = (
				8D59F9A728F2C23A00CDD126 /* ViewModifierExample */,
				8D59F9B728F2C23B00CDD126 /* ViewModifierExampleTests */,
				8D59F9C128F2C23B00CDD126 /* ViewModifierExampleUITests */,
			);
		};
/* End PBXProject section */

/* Begin PBXResourcesBuildPhase section */
		8D59F9A628F2C23A00CDD126 /* Resources */ = {
			isa = PBXResourcesBuildPhase;
			buildActionMask = 2147483647;
			files = (
				8D59F9B328F2C23B00CDD126 /* Preview Assets.xcassets in Resources */,
				8D59F9B028F2C23B00CDD126 /* Assets.xcassets in Resources */,
			);
			runOnlyForDeploymentPostprocessing = 0;
		};
		8D59F9B628F2C23B00CDD126 /* Resources */ = {
			isa = PBXResourcesBuildPhase;
			buildActionMask = 2147483647;
			files = (
			);
			runOnlyForDeploymentPostprocessing = 0;
		};
		8D59F9C028F2C23B00CDD126 /* Resources */ = {
			isa = PBXResourcesBuildPhase;
			buildActionMask = 2147483647;
			files = (
			);
			runOnlyForDeploymentPostprocessing = 0;
		};
/* End PBXResourcesBuildPhase section */

/* Begin PBXSourcesBuildPhase section */
		8D59F9A428F2C23A00CDD126 /* Sources */ = {
			isa = PBXSourcesBuildPhase;
			buildActionMask = 2147483647;
			files = (
				8D59F9AE28F2C23A00CDD126 /* ContentView.swift in Sources */,
				8D59F9AC28F2C23A00CDD126 /* ViewModifierExampleApp.swift in Sources */,
			);
			runOnlyForDeploymentPostprocessing = 0;
		};
		8D59F9B428F2C23B00CDD126 /* Sources */ = {
			isa = PBXSourcesBuildPhase;
			buildActionMask = 2147483647;
			files = (
				8D59F9BD28F2C23B00CDD126 /* ViewModifierExampleTests.swift in Sources */,
			);
			runOnlyForDeploymentPostprocessing = 0;
		};
		8D59F9BE28F2C23B00CDD126 /* Sources */ = {
			isa = PBXSourcesBuildPhase;
			buildActionMask = 2147483647;
			files = (
				8D59F9C728F2C23B00CDD126 /* ViewModifierExampleUITests.swift in Sources */,
				8D59F9C928F2C23B00CDD126 /* ViewModifierExampleUITestsLaunchTests.swift in Sources */,
			);
			runOnlyForDeploymentPostprocessing = 0;
		};
/* End PBXSourcesBuildPhase section */

/* Begin PBXTargetDependency section */
		8D59F9BA28F2C23B00CDD126 /* PBXTargetDependency */ = {
			isa = PBXTargetDependency;
			target = 8D59F9A728F2C23A00CDD126 /* ViewModifierExample */;
			targetProxy = 8D59F9B928F2C23B00CDD126 /* PBXContainerItemProxy */;
		};
		8D59F9C428F2C23B00CDD126 /* PBXTargetDependency */ = {
			isa = PBXTargetDependency;
			target = 8D59F9A728F2C23A00CDD126 /* ViewModifierExample */;
			targetProxy = 8D59F9C328F2C23B00CDD126 /* PBXContainerItemProxy */;
		};
/* End PBXTargetDependency section */

/* Begin XCBuildConfiguration section */
		8D59F9CA28F2C23B00CDD126 /* Debug */ = {
			isa = XCBuildConfiguration;
			buildSettings = {
				ALWAYS_SEARCH_USER_PATHS = NO;
				CLANG_ANALYZER_NONNULL = YES;
				CLANG_ANALYZER_NUMBER_OBJECT_CONVERSION = YES_AGGRESSIVE;
				CLANG_CXX_LANGUAGE_STANDARD = "gnu++20";
				CLANG_ENABLE_MODULES = YES;
				CLANG_ENABLE_OBJC_ARC = YES;
				CLANG_ENABLE_OBJC_WEAK = YES;
				CLANG_WARN_BLOCK_CAPTURE_AUTORELEASING = YES;
				CLANG_WARN_BOOL_CONVERSION = YES;
				CLANG_WARN_COMMA = YES;
				CLANG_WARN_CONSTANT_CONVERSION = YES;
				CLANG_WARN_DEPRECATED_OBJC_IMPLEMENTATIONS = YES;
				CLANG_WARN_DIRECT_OBJC_ISA_USAGE = YES_ERROR;
				CLANG_WARN_DOCUMENTATION_COMMENTS = YES;
				CLANG_WARN_EMPTY_BODY = YES;
				CLANG_WARN_ENUM_CONVERSION = YES;
				CLANG_WARN_INFINITE_RECURSION = YES;
				CLANG_WARN_INT_CONVERSION = YES;
				CLANG_WARN_NON_LITERAL_NULL_CONVERSION = YES;
				CLANG_WARN_OBJC_IMPLICIT_RETAIN_SELF = YES;
				CLANG_WARN_OBJC_LITERAL_CONVERSION = YES;
				CLANG_WARN_OBJC_ROOT_CLASS = YES_ERROR;
				CLANG_WARN_QUOTED_INCLUDE_IN_FRAMEWORK_HEADER = YES;
				CLANG_WARN_RANGE_LOOP_ANALYSIS = YES;
				CLANG_WARN_STRICT_PROTOTYPES = YES;
				CLANG_WARN_SUSPICIOUS_MOVE = YES;
				CLANG_WARN_UNGUARDED_AVAILABILITY = YES_AGGRESSIVE;
				CLANG_WARN_UNREACHABLE_CODE = YES;
				CLANG_WARN__DUPLICATE_METHOD_MATCH = YES;
				COPY_PHASE_STRIP = NO;
				DEBUG_INFORMATION_FORMAT = dwarf;
				ENABLE_STRICT_OBJC_MSGSEND = YES;
				ENABLE_TESTABILITY = YES;
				GCC_C_LANGUAGE_STANDARD = gnu11;
				GCC_DYNAMIC_NO_PIC = NO;
				GCC_NO_COMMON_BLOCKS = YES;
				GCC_OPTIMIZATION_LEVEL = 0;
				GCC_PREPROCESSOR_DEFINITIONS = (
					"DEBUG=1",
					"$(inherited)",
				);
				GCC_WARN_64_TO_32_BIT_CONVERSION = YES;
				GCC_WARN_ABOUT_RETURN_TYPE = YES_ERROR;
				GCC_WARN_UNDECLARED_SELECTOR = YES;
				GCC_WARN_UNINITIALIZED_AUTOS = YES_AGGRESSIVE;
				GCC_WARN_UNUSED_FUNCTION = YES;
				GCC_WARN_UNUSED_VARIABLE = YES;
				IPHONEOS_DEPLOYMENT_TARGET = 16.0;
				MTL_ENABLE_DEBUG_INFO = INCLUDE_SOURCE;
				MTL_FAST_MATH = YES;
				ONLY_ACTIVE_ARCH = YES;
				SDKROOT = iphoneos;
				SWIFT_ACTIVE_COMPILATION_CONDITIONS = DEBUG;
				SWIFT_OPTIMIZATION_LEVEL = "-Onone";
			};
			name = Debug;
		};
		8D59F9CB28F2C23B00CDD126 /* Release */ = {
			isa = XCBuildConfiguration;
			buildSettings = {
				ALWAYS_SEARCH_USER_PATHS = NO;
				CLANG_ANALYZER_NONNULL = YES;
				CLANG_ANALYZER_NUMBER_OBJECT_CONVERSION = YES_AGGRESSIVE;
				CLANG_CXX_LANGUAGE_STANDARD = "gnu++20";
				CLANG_ENABLE_MODULES = YES;
				CLANG_ENABLE_OBJC_ARC = YES;
				CLANG_ENABLE_OBJC_WEAK = YES;
				CLANG_WARN_BLOCK_CAPTURE_AUTORELEASING = YES;
				CLANG_WARN_BOOL_CONVERSION = YES;
				CLANG_WARN_COMMA = YES;
				CLANG_WARN_CONSTANT_CONVERSION = YES;
				CLANG_WARN_DEPRECATED_OBJC_IMPLEMENTATIONS = YES;
				CLANG_WARN_DIRECT_OBJC_ISA_USAGE = YES_ERROR;
				CLANG_WARN_DOCUMENTATION_COMMENTS = YES;
				CLANG_WARN_EMPTY_BODY = YES;
				CLANG_WARN_ENUM_CONVERSION = YES;
				CLANG_WARN_INFINITE_RECURSION = YES;
				CLANG_WARN_INT_CONVERSION = YES;
				CLANG_WARN_NON_LITERAL_NULL_CONVERSION = YES;
				CLANG_WARN_OBJC_IMPLICIT_RETAIN_SELF = YES;
				CLANG_WARN_OBJC_LITERAL_CONVERSION = YES;
				CLANG_WARN_OBJC_ROOT_CLASS = YES_ERROR;
				CLANG_WARN_QUOTED_INCLUDE_IN_FRAMEWORK_HEADER = YES;
				CLANG_WARN_RANGE_LOOP_ANALYSIS = YES;
				CLANG_WARN_STRICT_PROTOTYPES = YES;
				CLANG_WARN_SUSPICIOUS_MOVE = YES;
				CLANG_WARN_UNGUARDED_AVAILABILITY = YES_AGGRESSIVE;
				CLANG_WARN_UNREACHABLE_CODE = YES;
				CLANG_WARN__DUPLICATE_METHOD_MATCH = YES;
				COPY_PHASE_STRIP = NO;
				DEBUG_INFORMATION_FORMAT = "dwarf-with-dsym";
				ENABLE_NS_ASSERTIONS = NO;
				ENABLE_STRICT_OBJC_MSGSEND = YES;
				GCC_C_LANGUAGE_STANDARD = gnu11;
				GCC_NO_COMMON_BLOCKS = YES;
				GCC_WARN_64_TO_32_BIT_CONVERSION = YES;
				GCC_WARN_ABOUT_RETURN_TYPE = YES_ERROR;
				GCC_WARN_UNDECLARED_SELECTOR = YES;
				GCC_WARN_UNINITIALIZED_AUTOS = YES_AGGRESSIVE;
				GCC_WARN_UNUSED_FUNCTION = YES;
				GCC_WARN_UNUSED_VARIABLE = YES;
				IPHONEOS_DEPLOYMENT_TARGET = 16.0;
				MTL_ENABLE_DEBUG_INFO = NO;
				MTL_FAST_MATH = YES;
				SDKROOT = iphoneos;
				SWIFT_COMPILATION_MODE = wholemodule;
				SWIFT_OPTIMIZATION_LEVEL = "-O";
				VALIDATE_PRODUCT = YES;
			};
			name = Release;
		};
		8D59F9CD28F2C23B00CDD126 /* Debug */ = {
			isa = XCBuildConfiguration;
			buildSettings = {
				ASSETCATALOG_COMPILER_APPICON_NAME = AppIcon;
				ASSETCATALOG_COMPILER_GLOBAL_ACCENT_COLOR_NAME = AccentColor;
				CODE_SIGN_STYLE = Automatic;
				CURRENT_PROJECT_VERSION = 1;
				DEVELOPMENT_ASSET_PATHS = "\"ViewModifierExample/Preview Content\"";
				DEVELOPMENT_TEAM = GMHUACJXLZ;
				ENABLE_PREVIEWS = YES;
				GENERATE_INFOPLIST_FILE = YES;
				INFOPLIST_KEY_UIApplicationSceneManifest_Generation = YES;
				INFOPLIST_KEY_UIApplicationSupportsIndirectInputEvents = YES;
				INFOPLIST_KEY_UILaunchScreen_Generation = YES;
				INFOPLIST_KEY_UISupportedInterfaceOrientations_iPad = "UIInterfaceOrientationPortrait UIInterfaceOrientationPortraitUpsideDown UIInterfaceOrientationLandscapeLeft UIInterfaceOrientationLandscapeRight";
				INFOPLIST_KEY_UISupportedInterfaceOrientations_iPhone = "UIInterfaceOrientationPortrait UIInterfaceOrientationLandscapeLeft UIInterfaceOrientationLandscapeRight";
				LD_RUNPATH_SEARCH_PATHS = (
					"$(inherited)",
					"@executable_path/Frameworks",
				);
				MARKETING_VERSION = 1.0;
				PRODUCT_BUNDLE_IDENTIFIER = com.lonalia.ViewModifierExample;
				PRODUCT_NAME = "$(TARGET_NAME)";
				SWIFT_EMIT_LOC_STRINGS = YES;
				SWIFT_VERSION = 5.0;
				TARGETED_DEVICE_FAMILY = "1,2";
			};
			name = Debug;
		};
		8D59F9CE28F2C23B00CDD126 /* Release */ = {
			isa = XCBuildConfiguration;
			buildSettings = {
				ASSETCATALOG_COMPILER_APPICON_NAME = AppIcon;
				ASSETCATALOG_COMPILER_GLOBAL_ACCENT_COLOR_NAME = AccentColor;
				CODE_SIGN_STYLE = Automatic;
				CURRENT_PROJECT_VERSION = 1;
				DEVELOPMENT_ASSET_PATHS = "\"ViewModifierExample/Preview Content\"";
				DEVELOPMENT_TEAM = GMHUACJXLZ;
				ENABLE_PREVIEWS = YES;
				GENERATE_INFOPLIST_FILE = YES;
				INFOPLIST_KEY_UIApplicationSceneManifest_Generation = YES;
				INFOPLIST_KEY_UIApplicationSupportsIndirectInputEvents = YES;
				INFOPLIST_KEY_UILaunchScreen_Generation = YES;
				INFOPLIST_KEY_UISupportedInterfaceOrientations_iPad = "UIInterfaceOrientationPortrait UIInterfaceOrientationPortraitUpsideDown UIInterfaceOrientationLandscapeLeft UIInterfaceOrientationLandscapeRight";
				INFOPLIST_KEY_UISupportedInterfaceOrientations_iPhone = "UIInterfaceOrientationPortrait UIInterfaceOrientationLandscapeLeft UIInterfaceOrientationLandscapeRight";
				LD_RUNPATH_SEARCH_PATHS = (
					"$(inherited)",
					"@executable_path/Frameworks",
				);
				MARKETING_VERSION = 1.0;
				PRODUCT_BUNDLE_IDENTIFIER = com.lonalia.ViewModifierExample;
				PRODUCT_NAME = "$(TARGET_NAME)";
				SWIFT_EMIT_LOC_STRINGS = YES;
				SWIFT_VERSION = 5.0;
				TARGETED_DEVICE_FAMILY = "1,2";
			};
			name = Release;
		};
		8D59F9D028F2C23B00CDD126 /* Debug */ = {
			isa = XCBuildConfiguration;
			buildSettings = {
				ALWAYS_EMBED_SWIFT_STANDARD_LIBRARIES = YES;
				BUNDLE_LOADER = "$(TEST_HOST)";
				CODE_SIGN_STYLE = Automatic;
				CURRENT_PROJECT_VERSION = 1;
				DEVELOPMENT_TEAM = GMHUACJXLZ;
				GENERATE_INFOPLIST_FILE = YES;
				IPHONEOS_DEPLOYMENT_TARGET = 16.0;
				MARKETING_VERSION = 1.0;
				PRODUCT_BUNDLE_IDENTIFIER = com.lonalia.ViewModifierExampleTests;
				PRODUCT_NAME = "$(TARGET_NAME)";
				SWIFT_EMIT_LOC_STRINGS = NO;
				SWIFT_VERSION = 5.0;
				TARGETED_DEVICE_FAMILY = "1,2";
				TEST_HOST = "$(BUILT_PRODUCTS_DIR)/ViewModifierExample.app/$(BUNDLE_EXECUTABLE_FOLDER_PATH)/ViewModifierExample";
			};
			name = Debug;
		};
		8D59F9D128F2C23B00CDD126 /* Release */ = {
			isa = XCBuildConfiguration;
			buildSettings = {
				ALWAYS_EMBED_SWIFT_STANDARD_LIBRARIES = YES;
				BUNDLE_LOADER = "$(TEST_HOST)";
				CODE_SIGN_STYLE = Automatic;
				CURRENT_PROJECT_VERSION = 1;
				DEVELOPMENT_TEAM = GMHUACJXLZ;
				GENERATE_INFOPLIST_FILE = YES;
				IPHONEOS_DEPLOYMENT_TARGET = 16.0;
				MARKETING_VERSION = 1.0;
				PRODUCT_BUNDLE_IDENTIFIER = com.lonalia.ViewModifierExampleTests;
				PRODUCT_NAME = "$(TARGET_NAME)";
				SWIFT_EMIT_LOC_STRINGS = NO;
				SWIFT_VERSION = 5.0;
				TARGETED_DEVICE_FAMILY = "1,2";
				TEST_HOST = "$(BUILT_PRODUCTS_DIR)/ViewModifierExample.app/$(BUNDLE_EXECUTABLE_FOLDER_PATH)/ViewModifierExample";
			};
			name = Release;
		};
		8D59F9D328F2C23B00CDD126 /* Debug */ = {
			isa = XCBuildConfiguration;
			buildSettings = {
				ALWAYS_EMBED_SWIFT_STANDARD_LIBRARIES = YES;
				CODE_SIGN_STYLE = Automatic;
				CURRENT_PROJECT_VERSION = 1;
				DEVELOPMENT_TEAM = GMHUACJXLZ;
				GENERATE_INFOPLIST_FILE = YES;
				MARKETING_VERSION = 1.0;
				PRODUCT_BUNDLE_IDENTIFIER = com.lonalia.ViewModifierExampleUITests;
				PRODUCT_NAME = "$(TARGET_NAME)";
				SWIFT_EMIT_LOC_STRINGS = NO;
				SWIFT_VERSION = 5.0;
				TARGETED_DEVICE_FAMILY = "1,2";
				TEST_TARGET_NAME = ViewModifierExample;
			};
			name = Debug;
		};
		8D59F9D428F2C23B00CDD126 /* Release */ = {
			isa = XCBuildConfiguration;
			buildSettings = {
				ALWAYS_EMBED_SWIFT_STANDARD_LIBRARIES = YES;
				CODE_SIGN_STYLE = Automatic;
				CURRENT_PROJECT_VERSION = 1;
				DEVELOPMENT_TEAM = GMHUACJXLZ;
				GENERATE_INFOPLIST_FILE = YES;
				MARKETING_VERSION = 1.0;
				PRODUCT_BUNDLE_IDENTIFIER = com.lonalia.ViewModifierExampleUITests;
				PRODUCT_NAME = "$(TARGET_NAME)";
				SWIFT_EMIT_LOC_STRINGS = NO;
				SWIFT_VERSION = 5.0;
				TARGETED_DEVICE_FAMILY = "1,2";
				TEST_TARGET_NAME = ViewModifierExample;
			};
			name = Release;
		};
/* End XCBuildConfiguration section */

/* Begin XCConfigurationList section */
		8D59F9A328F2C23A00CDD126 /* Build configuration list for PBXProject "ViewModifierExample" */ = {
			isa = XCConfigurationList;
			buildConfigurations = (
				8D59F9CA28F2C23B00CDD126 /* Debug */,
				8D59F9CB28F2C23B00CDD126 /* Release */,
			);
			defaultConfigurationIsVisible = 0;
			defaultConfigurationName = Release;
		};
		8D59F9CC28F2C23B00CDD126 /* Build configuration list for PBXNativeTarget "ViewModifierExample" */ = {
			isa = XCConfigurationList;
			buildConfigurations = (
				8D59F9CD28F2C23B00CDD126 /* Debug */,
				8D59F9CE28F2C23B00CDD126 /* Release */,
			);
			defaultConfigurationIsVisible = 0;
			defaultConfigurationName = Release;
		};
		8D59F9CF28F2C23B00CDD126 /* Build configuration list for PBXNativeTarget "ViewModifierExampleTests" */ = {
			isa = XCConfigurationList;
			buildConfigurations = (
				8D59F9D028F2C23B00CDD126 /* Debug */,
				8D59F9D128F2C23B00CDD126 /* Release */,
			);
			defaultConfigurationIsVisible = 0;
			defaultConfigurationName = Release;
		};
		8D59F9D228F2C23B00CDD126 /* Build configuration list for PBXNativeTarget "ViewModifierExampleUITests" */ = {
			isa = XCConfigurationList;
			buildConfigurations = (
				8D59F9D328F2C23B00CDD126 /* Debug */,
				8D59F9D428F2C23B00CDD126 /* Release */,
			);
			defaultConfigurationIsVisible = 0;
			defaultConfigurationName = Release;
		};
/* End XCConfigurationList section */
	};
	rootObject = 8D59F9A028F2C23A00CDD126 /* Project object */;
}
