// !$*UTF8*$!
{
	archiveVersion = 1;
	classes = {
	};
	objectVersion = 55;
	objects = {

/* Begin PBXBuildFile section */
		8DCFF27A28A948B600350727 /* StackExampleApp.swift in Sources */ = {isa = PBXBuildFile; fileRef = 8DCFF27928A948B600350727 /* StackExampleApp.swift */; };
		8DCFF27C28A948B600350727 /* ContentView.swift in Sources */ = {isa = PBXBuildFile; fileRef = 8DCFF27B28A948B600350727 /* ContentView.swift */; };
		8DCFF27E28A948B700350727 /* Assets.xcassets in Resources */ = {isa = PBXBuildFile; fileRef = 8DCFF27D28A948B700350727 /* Assets.xcassets */; };
		8DCFF28128A948B700350727 /* Preview Assets.xcassets in Resources */ = {isa = PBXBuildFile; fileRef = 8DCFF28028A948B700350727 /* Preview Assets.xcassets */; };
		8DCFF28B28A948B700350727 /* StackExampleTests.swift in Sources */ = {isa = PBXBuildFile; fileRef = 8DCFF28A28A948B700350727 /* StackExampleTests.swift */; };
		8DCFF29528A948B700350727 /* StackExampleUITests.swift in Sources */ = {isa = PBXBuildFile; fileRef = 8DCFF29428A948B700350727 /* StackExampleUITests.swift */; };
		8DCFF29728A948B700350727 /* StackExampleUITestsLaunchTests.swift in Sources */ = {isa = PBXBuildFile; fileRef = 8DCFF29628A948B700350727 /* StackExampleUITestsLaunchTests.swift */; };
/* End PBXBuildFile section */

/* Begin PBXContainerItemProxy section */
		8DCFF28728A948B700350727 /* PBXContainerItemProxy */ = {
			isa = PBXContainerItemProxy;
			containerPortal = 8DCFF26E28A948B600350727 /* Project object */;
			proxyType = 1;
			remoteGlobalIDString = 8DCFF27528A948B600350727;
			remoteInfo = StackExample;
		};
		8DCFF29128A948B700350727 /* PBXContainerItemProxy */ = {
			isa = PBXContainerItemProxy;
			containerPortal = 8DCFF26E28A948B600350727 /* Project object */;
			proxyType = 1;
			remoteGlobalIDString = 8DCFF27528A948B600350727;
			remoteInfo = StackExample;
		};
/* End PBXContainerItemProxy section */

/* Begin PBXFileReference section */
		8DCFF27628A948B600350727 /* StackExample.app */ = {isa = PBXFileReference; explicitFileType = wrapper.application; includeInIndex = 0; path = StackExample.app; sourceTree = BUILT_PRODUCTS_DIR; };
		8DCFF27928A948B600350727 /* StackExampleApp.swift */ = {isa = PBXFileReference; lastKnownFileType = sourcecode.swift; path = StackExampleApp.swift; sourceTree = "<group>"; };
		8DCFF27B28A948B600350727 /* ContentView.swift */ = {isa = PBXFileReference; lastKnownFileType = sourcecode.swift; path = ContentView.swift; sourceTree = "<group>"; };
		8DCFF27D28A948B700350727 /* Assets.xcassets */ = {isa = PBXFileReference; lastKnownFileType = folder.assetcatalog; path = Assets.xcassets; sourceTree = "<group>"; };
		8DCFF28028A948B700350727 /* Preview Assets.xcassets */ = {isa = PBXFileReference; lastKnownFileType = folder.assetcatalog; path = "Preview Assets.xcassets"; sourceTree = "<group>"; };
		8DCFF28628A948B700350727 /* StackExampleTests.xctest */ = {isa = PBXFileReference; explicitFileType = wrapper.cfbundle; includeInIndex = 0; path = StackExampleTests.xctest; sourceTree = BUILT_PRODUCTS_DIR; };
		8DCFF28A28A948B700350727 /* StackExampleTests.swift */ = {isa = PBXFileReference; lastKnownFileType = sourcecode.swift; path = StackExampleTests.swift; sourceTree = "<group>"; };
		8DCFF29028A948B700350727 /* StackExampleUITests.xctest */ = {isa = PBXFileReference; explicitFileType = wrapper.cfbundle; includeInIndex = 0; path = StackExampleUITests.xctest; sourceTree = BUILT_PRODUCTS_DIR; };
		8DCFF29428A948B700350727 /* StackExampleUITests.swift */ = {isa = PBXFileReference; lastKnownFileType = sourcecode.swift; path = StackExampleUITests.swift; sourceTree = "<group>"; };
		8DCFF29628A948B700350727 /* StackExampleUITestsLaunchTests.swift */ = {isa = PBXFileReference; lastKnownFileType = sourcecode.swift; path = StackExampleUITestsLaunchTests.swift; sourceTree = "<group>"; };
/* End PBXFileReference section */

/* Begin PBXFrameworksBuildPhase section */
		8DCFF27328A948B600350727 /* Frameworks */ = {
			isa = PBXFrameworksBuildPhase;
			buildActionMask = 2147483647;
			files = (
			);
			runOnlyForDeploymentPostprocessing = 0;
		};
		8DCFF28328A948B700350727 /* Frameworks */ = {
			isa = PBXFrameworksBuildPhase;
			buildActionMask = 2147483647;
			files = (
			);
			runOnlyForDeploymentPostprocessing = 0;
		};
		8DCFF28D28A948B700350727 /* Frameworks */ = {
			isa = PBXFrameworksBuildPhase;
			buildActionMask = 2147483647;
			files = (
			);
			runOnlyForDeploymentPostprocessing = 0;
		};
/* End PBXFrameworksBuildPhase section */

/* Begin PBXGroup section */
		8DCFF26D28A948B600350727 = {
			isa = PBXGroup;
			children = (
				8DCFF27828A948B600350727 /* StackExample */,
				8DCFF28928A948B700350727 /* StackExampleTests */,
				8DCFF29328A948B700350727 /* StackExampleUITests */,
				8DCFF27728A948B600350727 /* Products */,
			);
			sourceTree = "<group>";
		};
		8DCFF27728A948B600350727 /* Products */ = {
			isa = PBXGroup;
			children = (
				8DCFF27628A948B600350727 /* StackExample.app */,
				8DCFF28628A948B700350727 /* StackExampleTests.xctest */,
				8DCFF29028A948B700350727 /* StackExampleUITests.xctest */,
			);
			name = Products;
			sourceTree = "<group>";
		};
		8DCFF27828A948B600350727 /* StackExample */ = {
			isa = PBXGroup;
			children = (
				8DCFF27928A948B600350727 /* StackExampleApp.swift */,
				8DCFF27B28A948B600350727 /* ContentView.swift */,
				8DCFF27D28A948B700350727 /* Assets.xcassets */,
				8DCFF27F28A948B700350727 /* Preview Content */,
			);
			path = StackExample;
			sourceTree = "<group>";
		};
		8DCFF27F28A948B700350727 /* Preview Content */ = {
			isa = PBXGroup;
			children = (
				8DCFF28028A948B700350727 /* Preview Assets.xcassets */,
			);
			path = "Preview Content";
			sourceTree = "<group>";
		};
		8DCFF28928A948B700350727 /* StackExampleTests */ = {
			isa = PBXGroup;
			children = (
				8DCFF28A28A948B700350727 /* StackExampleTests.swift */,
			);
			path = StackExampleTests;
			sourceTree = "<group>";
		};
		8DCFF29328A948B700350727 /* StackExampleUITests */ = {
			isa = PBXGroup;
			children = (
				8DCFF29428A948B700350727 /* StackExampleUITests.swift */,
				8DCFF29628A948B700350727 /* StackExampleUITestsLaunchTests.swift */,
			);
			path = StackExampleUITests;
			sourceTree = "<group>";
		};
/* End PBXGroup section */

/* Begin PBXNativeTarget section */
		8DCFF27528A948B600350727 /* StackExample */ = {
			isa = PBXNativeTarget;
			buildConfigurationList = 8DCFF29A28A948B700350727 /* Build configuration list for PBXNativeTarget "StackExample" */;
			buildPhases = (
				8DCFF27228A948B600350727 /* Sources */,
				8DCFF27328A948B600350727 /* Frameworks */,
				8DCFF27428A948B600350727 /* Resources */,
			);
			buildRules = (
			);
			dependencies = (
			);
			name = StackExample;
			productName = StackExample;
			productReference = 8DCFF27628A948B600350727 /* StackExample.app */;
			productType = "com.apple.product-type.application";
		};
		8DCFF28528A948B700350727 /* StackExampleTests */ = {
			isa = PBXNativeTarget;
			buildConfigurationList = 8DCFF29D28A948B700350727 /* Build configuration list for PBXNativeTarget "StackExampleTests" */;
			buildPhases = (
				8DCFF28228A948B700350727 /* Sources */,
				8DCFF28328A948B700350727 /* Frameworks */,
				8DCFF28428A948B700350727 /* Resources */,
			);
			buildRules = (
			);
			dependencies = (
				8DCFF28828A948B700350727 /* PBXTargetDependency */,
			);
			name = StackExampleTests;
			productName = StackExampleTests;
			productReference = 8DCFF28628A948B700350727 /* StackExampleTests.xctest */;
			productType = "com.apple.product-type.bundle.unit-test";
		};
		8DCFF28F28A948B700350727 /* StackExampleUITests */ = {
			isa = PBXNativeTarget;
			buildConfigurationList = 8DCFF2A028A948B700350727 /* Build configuration list for PBXNativeTarget "StackExampleUITests" */;
			buildPhases = (
				8DCFF28C28A948B700350727 /* Sources */,
				8DCFF28D28A948B700350727 /* Frameworks */,
				8DCFF28E28A948B700350727 /* Resources */,
			);
			buildRules = (
			);
			dependencies = (
				8DCFF29228A948B700350727 /* PBXTargetDependency */,
			);
			name = StackExampleUITests;
			productName = StackExampleUITests;
			productReference = 8DCFF29028A948B700350727 /* StackExampleUITests.xctest */;
			productType = "com.apple.product-type.bundle.ui-testing";
		};
/* End PBXNativeTarget section */

/* Begin PBXProject section */
		8DCFF26E28A948B600350727 /* Project object */ = {
			isa = PBXProject;
			attributes = {
				BuildIndependentTargetsInParallel = 1;
				LastSwiftUpdateCheck = 1340;
				LastUpgradeCheck = 1340;
				TargetAttributes = {
					8DCFF27528A948B600350727 = {
						CreatedOnToolsVersion = 13.4.1;
					};
					8DCFF28528A948B700350727 = {
						CreatedOnToolsVersion = 13.4.1;
						TestTargetID = 8DCFF27528A948B600350727;
					};
					8DCFF28F28A948B700350727 = {
						CreatedOnToolsVersion = 13.4.1;
						TestTargetID = 8DCFF27528A948B600350727;
					};
				};
			};
			buildConfigurationList = 8DCFF27128A948B600350727 /* Build configuration list for PBXProject "StackExample" */;
			compatibilityVersion = "Xcode 13.0";
			developmentRegion = en;
			hasScannedForEncodings = 0;
			knownRegions = (
				en,
				Base,
			);
			mainGroup = 8DCFF26D28A948B600350727;
			productRefGroup = 8DCFF27728A948B600350727 /* Products */;
			projectDirPath = "";
			projectRoot = "";
			targets = (
				8DCFF27528A948B600350727 /* StackExample */,
				8DCFF28528A948B700350727 /* StackExampleTests */,
				8DCFF28F28A948B700350727 /* StackExampleUITests */,
			);
		};
/* End PBXProject section */

/* Begin PBXResourcesBuildPhase section */
		8DCFF27428A948B600350727 /* Resources */ = {
			isa = PBXResourcesBuildPhase;
			buildActionMask = 2147483647;
			files = (
				8DCFF28128A948B700350727 /* Preview Assets.xcassets in Resources */,
				8DCFF27E28A948B700350727 /* Assets.xcassets in Resources */,
			);
			runOnlyForDeploymentPostprocessing = 0;
		};
		8DCFF28428A948B700350727 /* Resources */ = {
			isa = PBXResourcesBuildPhase;
			buildActionMask = 2147483647;
			files = (
			);
			runOnlyForDeploymentPostprocessing = 0;
		};
		8DCFF28E28A948B700350727 /* Resources */ = {
			isa = PBXResourcesBuildPhase;
			buildActionMask = 2147483647;
			files = (
			);
			runOnlyForDeploymentPostprocessing = 0;
		};
/* End PBXResourcesBuildPhase section */

/* Begin PBXSourcesBuildPhase section */
		8DCFF27228A948B600350727 /* Sources */ = {
			isa = PBXSourcesBuildPhase;
			buildActionMask = 2147483647;
			files = (
				8DCFF27C28A948B600350727 /* ContentView.swift in Sources */,
				8DCFF27A28A948B600350727 /* StackExampleApp.swift in Sources */,
			);
			runOnlyForDeploymentPostprocessing = 0;
		};
		8DCFF28228A948B700350727 /* Sources */ = {
			isa = PBXSourcesBuildPhase;
			buildActionMask = 2147483647;
			files = (
				8DCFF28B28A948B700350727 /* StackExampleTests.swift in Sources */,
			);
			runOnlyForDeploymentPostprocessing = 0;
		};
		8DCFF28C28A948B700350727 /* Sources */ = {
			isa = PBXSourcesBuildPhase;
			buildActionMask = 2147483647;
			files = (
				8DCFF29728A948B700350727 /* StackExampleUITestsLaunchTests.swift in Sources */,
				8DCFF29528A948B700350727 /* StackExampleUITests.swift in Sources */,
			);
			runOnlyForDeploymentPostprocessing = 0;
		};
/* End PBXSourcesBuildPhase section */

/* Begin PBXTargetDependency section */
		8DCFF28828A948B700350727 /* PBXTargetDependency */ = {
			isa = PBXTargetDependency;
			target = 8DCFF27528A948B600350727 /* StackExample */;
			targetProxy = 8DCFF28728A948B700350727 /* PBXContainerItemProxy */;
		};
		8DCFF29228A948B700350727 /* PBXTargetDependency */ = {
			isa = PBXTargetDependency;
			target = 8DCFF27528A948B600350727 /* StackExample */;
			targetProxy = 8DCFF29128A948B700350727 /* PBXContainerItemProxy */;
		};
/* End PBXTargetDependency section */

/* Begin XCBuildConfiguration section */
		8DCFF29828A948B700350727 /* Debug */ = {
			isa = XCBuildConfiguration;
			buildSettings = {
				ALWAYS_SEARCH_USER_PATHS = NO;
				CLANG_ANALYZER_NONNULL = YES;
				CLANG_ANALYZER_NUMBER_OBJECT_CONVERSION = YES_AGGRESSIVE;
				CLANG_CXX_LANGUAGE_STANDARD = "gnu++17";
				CLANG_ENABLE_MODULES = YES;
				CLANG_ENABLE_OBJC_ARC = YES;
				CLANG_ENABLE_OBJC_WEAK = YES;
				CLANG_WARN_BLOCK_CAPTURE_AUTORELEASING = YES;
				CLANG_WARN_BOOL_CONVERSION = YES;
				CLANG_WARN_COMMA = YES;
				CLANG_WARN_CONSTANT_CONVERSION = YES;
				CLANG_WARN_DEPRECATED_OBJC_IMPLEMENTATIONS = YES;
				CLANG_WARN_DIRECT_OBJC_ISA_USAGE = YES_ERROR;
				CLANG_WARN_DOCUMENTATION_COMMENTS = YES;
				CLANG_WARN_EMPTY_BODY = YES;
				CLANG_WARN_ENUM_CONVERSION = YES;
				CLANG_WARN_INFINITE_RECURSION = YES;
				CLANG_WARN_INT_CONVERSION = YES;
				CLANG_WARN_NON_LITERAL_NULL_CONVERSION = YES;
				CLANG_WARN_OBJC_IMPLICIT_RETAIN_SELF = YES;
				CLANG_WARN_OBJC_LITERAL_CONVERSION = YES;
				CLANG_WARN_OBJC_ROOT_CLASS = YES_ERROR;
				CLANG_WARN_QUOTED_INCLUDE_IN_FRAMEWORK_HEADER = YES;
				CLANG_WARN_RANGE_LOOP_ANALYSIS = YES;
				CLANG_WARN_STRICT_PROTOTYPES = YES;
				CLANG_WARN_SUSPICIOUS_MOVE = YES;
				CLANG_WARN_UNGUARDED_AVAILABILITY = YES_AGGRESSIVE;
				CLANG_WARN_UNREACHABLE_CODE = YES;
				CLANG_WARN__DUPLICATE_METHOD_MATCH = YES;
				COPY_PHASE_STRIP = NO;
				DEBUG_INFORMATION_FORMAT = dwarf;
				ENABLE_STRICT_OBJC_MSGSEND = YES;
				ENABLE_TESTABILITY = YES;
				GCC_C_LANGUAGE_STANDARD = gnu11;
				GCC_DYNAMIC_NO_PIC = NO;
				GCC_NO_COMMON_BLOCKS = YES;
				GCC_OPTIMIZATION_LEVEL = 0;
				GCC_PREPROCESSOR_DEFINITIONS = (
					"DEBUG=1",
					"$(inherited)",
				);
				GCC_WARN_64_TO_32_BIT_CONVERSION = YES;
				GCC_WARN_ABOUT_RETURN_TYPE = YES_ERROR;
				GCC_WARN_UNDECLARED_SELECTOR = YES;
				GCC_WARN_UNINITIALIZED_AUTOS = YES_AGGRESSIVE;
				GCC_WARN_UNUSED_FUNCTION = YES;
				GCC_WARN_UNUSED_VARIABLE = YES;
				IPHONEOS_DEPLOYMENT_TARGET = 15.5;
				MTL_ENABLE_DEBUG_INFO = INCLUDE_SOURCE;
				MTL_FAST_MATH = YES;
				ONLY_ACTIVE_ARCH = YES;
				SDKROOT = iphoneos;
				SWIFT_ACTIVE_COMPILATION_CONDITIONS = DEBUG;
				SWIFT_OPTIMIZATION_LEVEL = "-Onone";
			};
			name = Debug;
		};
		8DCFF29928A948B700350727 /* Release */ = {
			isa = XCBuildConfiguration;
			buildSettings = {
				ALWAYS_SEARCH_USER_PATHS = NO;
				CLANG_ANALYZER_NONNULL = YES;
				CLANG_ANALYZER_NUMBER_OBJECT_CONVERSION = YES_AGGRESSIVE;
				CLANG_CXX_LANGUAGE_STANDARD = "gnu++17";
				CLANG_ENABLE_MODULES = YES;
				CLANG_ENABLE_OBJC_ARC = YES;
				CLANG_ENABLE_OBJC_WEAK = YES;
				CLANG_WARN_BLOCK_CAPTURE_AUTORELEASING = YES;
				CLANG_WARN_BOOL_CONVERSION = YES;
				CLANG_WARN_COMMA = YES;
				CLANG_WARN_CONSTANT_CONVERSION = YES;
				CLANG_WARN_DEPRECATED_OBJC_IMPLEMENTATIONS = YES;
				CLANG_WARN_DIRECT_OBJC_ISA_USAGE = YES_ERROR;
				CLANG_WARN_DOCUMENTATION_COMMENTS = YES;
				CLANG_WARN_EMPTY_BODY = YES;
				CLANG_WARN_ENUM_CONVERSION = YES;
				CLANG_WARN_INFINITE_RECURSION = YES;
				CLANG_WARN_INT_CONVERSION = YES;
				CLANG_WARN_NON_LITERAL_NULL_CONVERSION = YES;
				CLANG_WARN_OBJC_IMPLICIT_RETAIN_SELF = YES;
				CLANG_WARN_OBJC_LITERAL_CONVERSION = YES;
				CLANG_WARN_OBJC_ROOT_CLASS = YES_ERROR;
				CLANG_WARN_QUOTED_INCLUDE_IN_FRAMEWORK_HEADER = YES;
				CLANG_WARN_RANGE_LOOP_ANALYSIS = YES;
				CLANG_WARN_STRICT_PROTOTYPES = YES;
				CLANG_WARN_SUSPICIOUS_MOVE = YES;
				CLANG_WARN_UNGUARDED_AVAILABILITY = YES_AGGRESSIVE;
				CLANG_WARN_UNREACHABLE_CODE = YES;
				CLANG_WARN__DUPLICATE_METHOD_MATCH = YES;
				COPY_PHASE_STRIP = NO;
				DEBUG_INFORMATION_FORMAT = "dwarf-with-dsym";
				ENABLE_NS_ASSERTIONS = NO;
				ENABLE_STRICT_OBJC_MSGSEND = YES;
				GCC_C_LANGUAGE_STANDARD = gnu11;
				GCC_NO_COMMON_BLOCKS = YES;
				GCC_WARN_64_TO_32_BIT_CONVERSION = YES;
				GCC_WARN_ABOUT_RETURN_TYPE = YES_ERROR;
				GCC_WARN_UNDECLARED_SELECTOR = YES;
				GCC_WARN_UNINITIALIZED_AUTOS = YES_AGGRESSIVE;
				GCC_WARN_UNUSED_FUNCTION = YES;
				GCC_WARN_UNUSED_VARIABLE = YES;
				IPHONEOS_DEPLOYMENT_TARGET = 15.5;
				MTL_ENABLE_DEBUG_INFO = NO;
				MTL_FAST_MATH = YES;
				SDKROOT = iphoneos;
				SWIFT_COMPILATION_MODE = wholemodule;
				SWIFT_OPTIMIZATION_LEVEL = "-O";
				VALIDATE_PRODUCT = YES;
			};
			name = Release;
		};
		8DCFF29B28A948B700350727 /* Debug */ = {
			isa = XCBuildConfiguration;
			buildSettings = {
				ASSETCATALOG_COMPILER_APPICON_NAME = AppIcon;
				ASSETCATALOG_COMPILER_GLOBAL_ACCENT_COLOR_NAME = AccentColor;
				CODE_SIGN_STYLE = Automatic;
				CURRENT_PROJECT_VERSION = 1;
				DEVELOPMENT_ASSET_PATHS = "\"StackExample/Preview Content\"";
				DEVELOPMENT_TEAM = GMHUACJXLZ;
				ENABLE_PREVIEWS = YES;
				GENERATE_INFOPLIST_FILE = YES;
				INFOPLIST_KEY_UIApplicationSceneManifest_Generation = YES;
				INFOPLIST_KEY_UIApplicationSupportsIndirectInputEvents = YES;
				INFOPLIST_KEY_UILaunchScreen_Generation = YES;
				INFOPLIST_KEY_UISupportedInterfaceOrientations_iPad = "UIInterfaceOrientationPortrait UIInterfaceOrientationPortraitUpsideDown UIInterfaceOrientationLandscapeLeft UIInterfaceOrientationLandscapeRight";
				INFOPLIST_KEY_UISupportedInterfaceOrientations_iPhone = "UIInterfaceOrientationPortrait UIInterfaceOrientationLandscapeLeft UIInterfaceOrientationLandscapeRight";
				LD_RUNPATH_SEARCH_PATHS = (
					"$(inherited)",
					"@executable_path/Frameworks",
				);
				MARKETING_VERSION = 1.0;
				PRODUCT_BUNDLE_IDENTIFIER = com.lonalia.StackExample;
				PRODUCT_NAME = "$(TARGET_NAME)";
				SWIFT_EMIT_LOC_STRINGS = YES;
				SWIFT_VERSION = 5.0;
				TARGETED_DEVICE_FAMILY = "1,2";
			};
			name = Debug;
		};
		8DCFF29C28A948B700350727 /* Release */ = {
			isa = XCBuildConfiguration;
			buildSettings = {
				ASSETCATALOG_COMPILER_APPICON_NAME = AppIcon;
				ASSETCATALOG_COMPILER_GLOBAL_ACCENT_COLOR_NAME = AccentColor;
				CODE_SIGN_STYLE = Automatic;
				CURRENT_PROJECT_VERSION = 1;
				DEVELOPMENT_ASSET_PATHS = "\"StackExample/Preview Content\"";
				DEVELOPMENT_TEAM = GMHUACJXLZ;
				ENABLE_PREVIEWS = YES;
				GENERATE_INFOPLIST_FILE = YES;
				INFOPLIST_KEY_UIApplicationSceneManifest_Generation = YES;
				INFOPLIST_KEY_UIApplicationSupportsIndirectInputEvents = YES;
				INFOPLIST_KEY_UILaunchScreen_Generation = YES;
				INFOPLIST_KEY_UISupportedInterfaceOrientations_iPad = "UIInterfaceOrientationPortrait UIInterfaceOrientationPortraitUpsideDown UIInterfaceOrientationLandscapeLeft UIInterfaceOrientationLandscapeRight";
				INFOPLIST_KEY_UISupportedInterfaceOrientations_iPhone = "UIInterfaceOrientationPortrait UIInterfaceOrientationLandscapeLeft UIInterfaceOrientationLandscapeRight";
				LD_RUNPATH_SEARCH_PATHS = (
					"$(inherited)",
					"@executable_path/Frameworks",
				);
				MARKETING_VERSION = 1.0;
				PRODUCT_BUNDLE_IDENTIFIER = com.lonalia.StackExample;
				PRODUCT_NAME = "$(TARGET_NAME)";
				SWIFT_EMIT_LOC_STRINGS = YES;
				SWIFT_VERSION = 5.0;
				TARGETED_DEVICE_FAMILY = "1,2";
			};
			name = Release;
		};
		8DCFF29E28A948B700350727 /* Debug */ = {
			isa = XCBuildConfiguration;
			buildSettings = {
				ALWAYS_EMBED_SWIFT_STANDARD_LIBRARIES = YES;
				BUNDLE_LOADER = "$(TEST_HOST)";
				CODE_SIGN_STYLE = Automatic;
				CURRENT_PROJECT_VERSION = 1;
				DEVELOPMENT_TEAM = GMHUACJXLZ;
				GENERATE_INFOPLIST_FILE = YES;
				IPHONEOS_DEPLOYMENT_TARGET = 15.5;
				MARKETING_VERSION = 1.0;
				PRODUCT_BUNDLE_IDENTIFIER = com.lonalia.StackExampleTests;
				PRODUCT_NAME = "$(TARGET_NAME)";
				SWIFT_EMIT_LOC_STRINGS = NO;
				SWIFT_VERSION = 5.0;
				TARGETED_DEVICE_FAMILY = "1,2";
				TEST_HOST = "$(BUILT_PRODUCTS_DIR)/StackExample.app/StackExample";
			};
			name = Debug;
		};
		8DCFF29F28A948B700350727 /* Release */ = {
			isa = XCBuildConfiguration;
			buildSettings = {
				ALWAYS_EMBED_SWIFT_STANDARD_LIBRARIES = YES;
				BUNDLE_LOADER = "$(TEST_HOST)";
				CODE_SIGN_STYLE = Automatic;
				CURRENT_PROJECT_VERSION = 1;
				DEVELOPMENT_TEAM = GMHUACJXLZ;
				GENERATE_INFOPLIST_FILE = YES;
				IPHONEOS_DEPLOYMENT_TARGET = 15.5;
				MARKETING_VERSION = 1.0;
				PRODUCT_BUNDLE_IDENTIFIER = com.lonalia.StackExampleTests;
				PRODUCT_NAME = "$(TARGET_NAME)";
				SWIFT_EMIT_LOC_STRINGS = NO;
				SWIFT_VERSION = 5.0;
				TARGETED_DEVICE_FAMILY = "1,2";
				TEST_HOST = "$(BUILT_PRODUCTS_DIR)/StackExample.app/StackExample";
			};
			name = Release;
		};
		8DCFF2A128A948B700350727 /* Debug */ = {
			isa = XCBuildConfiguration;
			buildSettings = {
				ALWAYS_EMBED_SWIFT_STANDARD_LIBRARIES = YES;
				CODE_SIGN_STYLE = Automatic;
				CURRENT_PROJECT_VERSION = 1;
				DEVELOPMENT_TEAM = GMHUACJXLZ;
				GENERATE_INFOPLIST_FILE = YES;
				MARKETING_VERSION = 1.0;
				PRODUCT_BUNDLE_IDENTIFIER = com.lonalia.StackExampleUITests;
				PRODUCT_NAME = "$(TARGET_NAME)";
				SWIFT_EMIT_LOC_STRINGS = NO;
				SWIFT_VERSION = 5.0;
				TARGETED_DEVICE_FAMILY = "1,2";
				TEST_TARGET_NAME = StackExample;
			};
			name = Debug;
		};
		8DCFF2A228A948B700350727 /* Release */ = {
			isa = XCBuildConfiguration;
			buildSettings = {
				ALWAYS_EMBED_SWIFT_STANDARD_LIBRARIES = YES;
				CODE_SIGN_STYLE = Automatic;
				CURRENT_PROJECT_VERSION = 1;
				DEVELOPMENT_TEAM = GMHUACJXLZ;
				GENERATE_INFOPLIST_FILE = YES;
				MARKETING_VERSION = 1.0;
				PRODUCT_BUNDLE_IDENTIFIER = com.lonalia.StackExampleUITests;
				PRODUCT_NAME = "$(TARGET_NAME)";
				SWIFT_EMIT_LOC_STRINGS = NO;
				SWIFT_VERSION = 5.0;
				TARGETED_DEVICE_FAMILY = "1,2";
				TEST_TARGET_NAME = StackExample;
			};
			name = Release;
		};
/* End XCBuildConfiguration section */

/* Begin XCConfigurationList section */
		8DCFF27128A948B600350727 /* Build configuration list for PBXProject "StackExample" */ = {
			isa = XCConfigurationList;
			buildConfigurations = (
				8DCFF29828A948B700350727 /* Debug */,
				8DCFF29928A948B700350727 /* Release */,
			);
			defaultConfigurationIsVisible = 0;
			defaultConfigurationName = Release;
		};
		8DCFF29A28A948B700350727 /* Build configuration list for PBXNativeTarget "StackExample" */ = {
			isa = XCConfigurationList;
			buildConfigurations = (
				8DCFF29B28A948B700350727 /* Debug */,
				8DCFF29C28A948B700350727 /* Release */,
			);
			defaultConfigurationIsVisible = 0;
			defaultConfigurationName = Release;
		};
		8DCFF29D28A948B700350727 /* Build configuration list for PBXNativeTarget "StackExampleTests" */ = {
			isa = XCConfigurationList;
			buildConfigurations = (
				8DCFF29E28A948B700350727 /* Debug */,
				8DCFF29F28A948B700350727 /* Release */,
			);
			defaultConfigurationIsVisible = 0;
			defaultConfigurationName = Release;
		};
		8DCFF2A028A948B700350727 /* Build configuration list for PBXNativeTarget "StackExampleUITests" */ = {
			isa = XCConfigurationList;
			buildConfigurations = (
				8DCFF2A128A948B700350727 /* Debug */,
				8DCFF2A228A948B700350727 /* Release */,
			);
			defaultConfigurationIsVisible = 0;
			defaultConfigurationName = Release;
		};
/* End XCConfigurationList section */
	};
	rootObject = 8DCFF26E28A948B600350727 /* Project object */;
}
