// !$*UTF8*$!
{
	archiveVersion = 1;
	classes = {
	};
	objectVersion = 55;
	objects = {

/* Begin PBXBuildFile section */
		8DCFF1D828A929B300350727 /* ButtonExampleApp.swift in Sources */ = {isa = PBXBuildFile; fileRef = 8DCFF1D728A929B300350727 /* ButtonExampleApp.swift */; };
		8DCFF1DA28A929B300350727 /* ContentView.swift in Sources */ = {isa = PBXBuildFile; fileRef = 8DCFF1D928A929B300350727 /* ContentView.swift */; };
		8DCFF1DC28A929B400350727 /* Assets.xcassets in Resources */ = {isa = PBXBuildFile; fileRef = 8DCFF1DB28A929B400350727 /* Assets.xcassets */; };
		8DCFF1DF28A929B400350727 /* Preview Assets.xcassets in Resources */ = {isa = PBXBuildFile; fileRef = 8DCFF1DE28A929B400350727 /* Preview Assets.xcassets */; };
		8DCFF1E928A929B400350727 /* ButtonExampleTests.swift in Sources */ = {isa = PBXBuildFile; fileRef = 8DCFF1E828A929B400350727 /* ButtonExampleTests.swift */; };
		8DCFF1F328A929B400350727 /* ButtonExampleUITests.swift in Sources */ = {isa = PBXBuildFile; fileRef = 8DCFF1F228A929B400350727 /* ButtonExampleUITests.swift */; };
		8DCFF1F528A929B400350727 /* ButtonExampleUITestsLaunchTests.swift in Sources */ = {isa = PBXBuildFile; fileRef = 8DCFF1F428A929B400350727 /* ButtonExampleUITestsLaunchTests.swift */; };
/* End PBXBuildFile section */

/* Begin PBXContainerItemProxy section */
		8DCFF1E528A929B400350727 /* PBXContainerItemProxy */ = {
			isa = PBXContainerItemProxy;
			containerPortal = 8DCFF1CC28A929B300350727 /* Project object */;
			proxyType = 1;
			remoteGlobalIDString = 8DCFF1D328A929B300350727;
			remoteInfo = ButtonExample;
		};
		8DCFF1EF28A929B400350727 /* PBXContainerItemProxy */ = {
			isa = PBXContainerItemProxy;
			containerPortal = 8DCFF1CC28A929B300350727 /* Project object */;
			proxyType = 1;
			remoteGlobalIDString = 8DCFF1D328A929B300350727;
			remoteInfo = ButtonExample;
		};
/* End PBXContainerItemProxy section */

/* Begin PBXFileReference section */
		8DCFF1D428A929B300350727 /* ButtonExample.app */ = {isa = PBXFileReference; explicitFileType = wrapper.application; includeInIndex = 0; path = ButtonExample.app; sourceTree = BUILT_PRODUCTS_DIR; };
		8DCFF1D728A929B300350727 /* ButtonExampleApp.swift */ = {isa = PBXFileReference; lastKnownFileType = sourcecode.swift; path = ButtonExampleApp.swift; sourceTree = "<group>"; };
		8DCFF1D928A929B300350727 /* ContentView.swift */ = {isa = PBXFileReference; lastKnownFileType = sourcecode.swift; path = ContentView.swift; sourceTree = "<group>"; };
		8DCFF1DB28A929B400350727 /* Assets.xcassets */ = {isa = PBXFileReference; lastKnownFileType = folder.assetcatalog; path = Assets.xcassets; sourceTree = "<group>"; };
		8DCFF1DE28A929B400350727 /* Preview Assets.xcassets */ = {isa = PBXFileReference; lastKnownFileType = folder.assetcatalog; path = "Preview Assets.xcassets"; sourceTree = "<group>"; };
		8DCFF1E428A929B400350727 /* ButtonExampleTests.xctest */ = {isa = PBXFileReference; explicitFileType = wrapper.cfbundle; includeInIndex = 0; path = ButtonExampleTests.xctest; sourceTree = BUILT_PRODUCTS_DIR; };
		8DCFF1E828A929B400350727 /* ButtonExampleTests.swift */ = {isa = PBXFileReference; lastKnownFileType = sourcecode.swift; path = ButtonExampleTests.swift; sourceTree = "<group>"; };
		8DCFF1EE28A929B400350727 /* ButtonExampleUITests.xctest */ = {isa = PBXFileReference; explicitFileType = wrapper.cfbundle; includeInIndex = 0; path = ButtonExampleUITests.xctest; sourceTree = BUILT_PRODUCTS_DIR; };
		8DCFF1F228A929B400350727 /* ButtonExampleUITests.swift */ = {isa = PBXFileReference; lastKnownFileType = sourcecode.swift; path = ButtonExampleUITests.swift; sourceTree = "<group>"; };
		8DCFF1F428A929B400350727 /* ButtonExampleUITestsLaunchTests.swift */ = {isa = PBXFileReference; lastKnownFileType = sourcecode.swift; path = ButtonExampleUITestsLaunchTests.swift; sourceTree = "<group>"; };
/* End PBXFileReference section */

/* Begin PBXFrameworksBuildPhase section */
		8DCFF1D128A929B300350727 /* Frameworks */ = {
			isa = PBXFrameworksBuildPhase;
			buildActionMask = 2147483647;
			files = (
			);
			runOnlyForDeploymentPostprocessing = 0;
		};
		8DCFF1E128A929B400350727 /* Frameworks */ = {
			isa = PBXFrameworksBuildPhase;
			buildActionMask = 2147483647;
			files = (
			);
			runOnlyForDeploymentPostprocessing = 0;
		};
		8DCFF1EB28A929B400350727 /* Frameworks */ = {
			isa = PBXFrameworksBuildPhase;
			buildActionMask = 2147483647;
			files = (
			);
			runOnlyForDeploymentPostprocessing = 0;
		};
/* End PBXFrameworksBuildPhase section */

/* Begin PBXGroup section */
		8DCFF1CB28A929B300350727 = {
			isa = PBXGroup;
			children = (
				8DCFF1D628A929B300350727 /* ButtonExample */,
				8DCFF1E728A929B400350727 /* ButtonExampleTests */,
				8DCFF1F128A929B400350727 /* ButtonExampleUITests */,
				8DCFF1D528A929B300350727 /* Products */,
			);
			sourceTree = "<group>";
		};
		8DCFF1D528A929B300350727 /* Products */ = {
			isa = PBXGroup;
			children = (
				8DCFF1D428A929B300350727 /* ButtonExample.app */,
				8DCFF1E428A929B400350727 /* ButtonExampleTests.xctest */,
				8DCFF1EE28A929B400350727 /* ButtonExampleUITests.xctest */,
			);
			name = Products;
			sourceTree = "<group>";
		};
		8DCFF1D628A929B300350727 /* ButtonExample */ = {
			isa = PBXGroup;
			children = (
				8DCFF1D728A929B300350727 /* ButtonExampleApp.swift */,
				8DCFF1D928A929B300350727 /* ContentView.swift */,
				8DCFF1DB28A929B400350727 /* Assets.xcassets */,
				8DCFF1DD28A929B400350727 /* Preview Content */,
			);
			path = ButtonExample;
			sourceTree = "<group>";
		};
		8DCFF1DD28A929B400350727 /* Preview Content */ = {
			isa = PBXGroup;
			children = (
				8DCFF1DE28A929B400350727 /* Preview Assets.xcassets */,
			);
			path = "Preview Content";
			sourceTree = "<group>";
		};
		8DCFF1E728A929B400350727 /* ButtonExampleTests */ = {
			isa = PBXGroup;
			children = (
				8DCFF1E828A929B400350727 /* ButtonExampleTests.swift */,
			);
			path = ButtonExampleTests;
			sourceTree = "<group>";
		};
		8DCFF1F128A929B400350727 /* ButtonExampleUITests */ = {
			isa = PBXGroup;
			children = (
				8DCFF1F228A929B400350727 /* ButtonExampleUITests.swift */,
				8DCFF1F428A929B400350727 /* ButtonExampleUITestsLaunchTests.swift */,
			);
			path = ButtonExampleUITests;
			sourceTree = "<group>";
		};
/* End PBXGroup section */

/* Begin PBXNativeTarget section */
		8DCFF1D328A929B300350727 /* ButtonExample */ = {
			isa = PBXNativeTarget;
			buildConfigurationList = 8DCFF1F828A929B400350727 /* Build configuration list for PBXNativeTarget "ButtonExample" */;
			buildPhases = (
				8DCFF1D028A929B300350727 /* Sources */,
				8DCFF1D128A929B300350727 /* Frameworks */,
				8DCFF1D228A929B300350727 /* Resources */,
			);
			buildRules = (
			);
			dependencies = (
			);
			name = ButtonExample;
			productName = ButtonExample;
			productReference = 8DCFF1D428A929B300350727 /* ButtonExample.app */;
			productType = "com.apple.product-type.application";
		};
		8DCFF1E328A929B400350727 /* ButtonExampleTests */ = {
			isa = PBXNativeTarget;
			buildConfigurationList = 8DCFF1FB28A929B400350727 /* Build configuration list for PBXNativeTarget "ButtonExampleTests" */;
			buildPhases = (
				8DCFF1E028A929B400350727 /* Sources */,
				8DCFF1E128A929B400350727 /* Frameworks */,
				8DCFF1E228A929B400350727 /* Resources */,
			);
			buildRules = (
			);
			dependencies = (
				8DCFF1E628A929B400350727 /* PBXTargetDependency */,
			);
			name = ButtonExampleTests;
			productName = ButtonExampleTests;
			productReference = 8DCFF1E428A929B400350727 /* ButtonExampleTests.xctest */;
			productType = "com.apple.product-type.bundle.unit-test";
		};
		8DCFF1ED28A929B400350727 /* ButtonExampleUITests */ = {
			isa = PBXNativeTarget;
			buildConfigurationList = 8DCFF1FE28A929B400350727 /* Build configuration list for PBXNativeTarget "ButtonExampleUITests" */;
			buildPhases = (
				8DCFF1EA28A929B400350727 /* Sources */,
				8DCFF1EB28A929B400350727 /* Frameworks */,
				8DCFF1EC28A929B400350727 /* Resources */,
			);
			buildRules = (
			);
			dependencies = (
				8DCFF1F028A929B400350727 /* PBXTargetDependency */,
			);
			name = ButtonExampleUITests;
			productName = ButtonExampleUITests;
			productReference = 8DCFF1EE28A929B400350727 /* ButtonExampleUITests.xctest */;
			productType = "com.apple.product-type.bundle.ui-testing";
		};
/* End PBXNativeTarget section */

/* Begin PBXProject section */
		8DCFF1CC28A929B300350727 /* Project object */ = {
			isa = PBXProject;
			attributes = {
				BuildIndependentTargetsInParallel = 1;
				LastSwiftUpdateCheck = 1340;
				LastUpgradeCheck = 1340;
				TargetAttributes = {
					8DCFF1D328A929B300350727 = {
						CreatedOnToolsVersion = 13.4.1;
					};
					8DCFF1E328A929B400350727 = {
						CreatedOnToolsVersion = 13.4.1;
						TestTargetID = 8DCFF1D328A929B300350727;
					};
					8DCFF1ED28A929B400350727 = {
						CreatedOnToolsVersion = 13.4.1;
						TestTargetID = 8DCFF1D328A929B300350727;
					};
				};
			};
			buildConfigurationList = 8DCFF1CF28A929B300350727 /* Build configuration list for PBXProject "ButtonExample" */;
			compatibilityVersion = "Xcode 13.0";
			developmentRegion = en;
			hasScannedForEncodings = 0;
			knownRegions = (
				en,
				Base,
			);
			mainGroup = 8DCFF1CB28A929B300350727;
			productRefGroup = 8DCFF1D528A929B300350727 /* Products */;
			projectDirPath = "";
			projectRoot = "";
			targets = (
				8DCFF1D328A929B300350727 /* ButtonExample */,
				8DCFF1E328A929B400350727 /* ButtonExampleTests */,
				8DCFF1ED28A929B400350727 /* ButtonExampleUITests */,
			);
		};
/* End PBXProject section */

/* Begin PBXResourcesBuildPhase section */
		8DCFF1D228A929B300350727 /* Resources */ = {
			isa = PBXResourcesBuildPhase;
			buildActionMask = 2147483647;
			files = (
				8DCFF1DF28A929B400350727 /* Preview Assets.xcassets in Resources */,
				8DCFF1DC28A929B400350727 /* Assets.xcassets in Resources */,
			);
			runOnlyForDeploymentPostprocessing = 0;
		};
		8DCFF1E228A929B400350727 /* Resources */ = {
			isa = PBXResourcesBuildPhase;
			buildActionMask = 2147483647;
			files = (
			);
			runOnlyForDeploymentPostprocessing = 0;
		};
		8DCFF1EC28A929B400350727 /* Resources */ = {
			isa = PBXResourcesBuildPhase;
			buildActionMask = 2147483647;
			files = (
			);
			runOnlyForDeploymentPostprocessing = 0;
		};
/* End PBXResourcesBuildPhase section */

/* Begin PBXSourcesBuildPhase section */
		8DCFF1D028A929B300350727 /* Sources */ = {
			isa = PBXSourcesBuildPhase;
			buildActionMask = 2147483647;
			files = (
				8DCFF1DA28A929B300350727 /* ContentView.swift in Sources */,
				8DCFF1D828A929B300350727 /* ButtonExampleApp.swift in Sources */,
			);
			runOnlyForDeploymentPostprocessing = 0;
		};
		8DCFF1E028A929B400350727 /* Sources */ = {
			isa = PBXSourcesBuildPhase;
			buildActionMask = 2147483647;
			files = (
				8DCFF1E928A929B400350727 /* ButtonExampleTests.swift in Sources */,
			);
			runOnlyForDeploymentPostprocessing = 0;
		};
		8DCFF1EA28A929B400350727 /* Sources */ = {
			isa = PBXSourcesBuildPhase;
			buildActionMask = 2147483647;
			files = (
				8DCFF1F328A929B400350727 /* ButtonExampleUITests.swift in Sources */,
				8DCFF1F528A929B400350727 /* ButtonExampleUITestsLaunchTests.swift in Sources */,
			);
			runOnlyForDeploymentPostprocessing = 0;
		};
/* End PBXSourcesBuildPhase section */

/* Begin PBXTargetDependency section */
		8DCFF1E628A929B400350727 /* PBXTargetDependency */ = {
			isa = PBXTargetDependency;
			target = 8DCFF1D328A929B300350727 /* ButtonExample */;
			targetProxy = 8DCFF1E528A929B400350727 /* PBXContainerItemProxy */;
		};
		8DCFF1F028A929B400350727 /* PBXTargetDependency */ = {
			isa = PBXTargetDependency;
			target = 8DCFF1D328A929B300350727 /* ButtonExample */;
			targetProxy = 8DCFF1EF28A929B400350727 /* PBXContainerItemProxy */;
		};
/* End PBXTargetDependency section */

/* Begin XCBuildConfiguration section */
		8DCFF1F628A929B400350727 /* Debug */ = {
			isa = XCBuildConfiguration;
			buildSettings = {
				ALWAYS_SEARCH_USER_PATHS = NO;
				CLANG_ANALYZER_NONNULL = YES;
				CLANG_ANALYZER_NUMBER_OBJECT_CONVERSION = YES_AGGRESSIVE;
				CLANG_CXX_LANGUAGE_STANDARD = "gnu++17";
				CLANG_ENABLE_MODULES = YES;
				CLANG_ENABLE_OBJC_ARC = YES;
				CLANG_ENABLE_OBJC_WEAK = YES;
				CLANG_WARN_BLOCK_CAPTURE_AUTORELEASING = YES;
				CLANG_WARN_BOOL_CONVERSION = YES;
				CLANG_WARN_COMMA = YES;
				CLANG_WARN_CONSTANT_CONVERSION = YES;
				CLANG_WARN_DEPRECATED_OBJC_IMPLEMENTATIONS = YES;
				CLANG_WARN_DIRECT_OBJC_ISA_USAGE = YES_ERROR;
				CLANG_WARN_DOCUMENTATION_COMMENTS = YES;
				CLANG_WARN_EMPTY_BODY = YES;
				CLANG_WARN_ENUM_CONVERSION = YES;
				CLANG_WARN_INFINITE_RECURSION = YES;
				CLANG_WARN_INT_CONVERSION = YES;
				CLANG_WARN_NON_LITERAL_NULL_CONVERSION = YES;
				CLANG_WARN_OBJC_IMPLICIT_RETAIN_SELF = YES;
				CLANG_WARN_OBJC_LITERAL_CONVERSION = YES;
				CLANG_WARN_OBJC_ROOT_CLASS = YES_ERROR;
				CLANG_WARN_QUOTED_INCLUDE_IN_FRAMEWORK_HEADER = YES;
				CLANG_WARN_RANGE_LOOP_ANALYSIS = YES;
				CLANG_WARN_STRICT_PROTOTYPES = YES;
				CLANG_WARN_SUSPICIOUS_MOVE = YES;
				CLANG_WARN_UNGUARDED_AVAILABILITY = YES_AGGRESSIVE;
				CLANG_WARN_UNREACHABLE_CODE = YES;
				CLANG_WARN__DUPLICATE_METHOD_MATCH = YES;
				COPY_PHASE_STRIP = NO;
				DEBUG_INFORMATION_FORMAT = dwarf;
				ENABLE_STRICT_OBJC_MSGSEND = YES;
				ENABLE_TESTABILITY = YES;
				GCC_C_LANGUAGE_STANDARD = gnu11;
				GCC_DYNAMIC_NO_PIC = NO;
				GCC_NO_COMMON_BLOCKS = YES;
				GCC_OPTIMIZATION_LEVEL = 0;
				GCC_PREPROCESSOR_DEFINITIONS = (
					"DEBUG=1",
					"$(inherited)",
				);
				GCC_WARN_64_TO_32_BIT_CONVERSION = YES;
				GCC_WARN_ABOUT_RETURN_TYPE = YES_ERROR;
				GCC_WARN_UNDECLARED_SELECTOR = YES;
				GCC_WARN_UNINITIALIZED_AUTOS = YES_AGGRESSIVE;
				GCC_WARN_UNUSED_FUNCTION = YES;
				GCC_WARN_UNUSED_VARIABLE = YES;
				IPHONEOS_DEPLOYMENT_TARGET = 15.5;
				MTL_ENABLE_DEBUG_INFO = INCLUDE_SOURCE;
				MTL_FAST_MATH = YES;
				ONLY_ACTIVE_ARCH = YES;
				SDKROOT = iphoneos;
				SWIFT_ACTIVE_COMPILATION_CONDITIONS = DEBUG;
				SWIFT_OPTIMIZATION_LEVEL = "-Onone";
			};
			name = Debug;
		};
		8DCFF1F728A929B400350727 /* Release */ = {
			isa = XCBuildConfiguration;
			buildSettings = {
				ALWAYS_SEARCH_USER_PATHS = NO;
				CLANG_ANALYZER_NONNULL = YES;
				CLANG_ANALYZER_NUMBER_OBJECT_CONVERSION = YES_AGGRESSIVE;
				CLANG_CXX_LANGUAGE_STANDARD = "gnu++17";
				CLANG_ENABLE_MODULES = YES;
				CLANG_ENABLE_OBJC_ARC = YES;
				CLANG_ENABLE_OBJC_WEAK = YES;
				CLANG_WARN_BLOCK_CAPTURE_AUTORELEASING = YES;
				CLANG_WARN_BOOL_CONVERSION = YES;
				CLANG_WARN_COMMA = YES;
				CLANG_WARN_CONSTANT_CONVERSION = YES;
				CLANG_WARN_DEPRECATED_OBJC_IMPLEMENTATIONS = YES;
				CLANG_WARN_DIRECT_OBJC_ISA_USAGE = YES_ERROR;
				CLANG_WARN_DOCUMENTATION_COMMENTS = YES;
				CLANG_WARN_EMPTY_BODY = YES;
				CLANG_WARN_ENUM_CONVERSION = YES;
				CLANG_WARN_INFINITE_RECURSION = YES;
				CLANG_WARN_INT_CONVERSION = YES;
				CLANG_WARN_NON_LITERAL_NULL_CONVERSION = YES;
				CLANG_WARN_OBJC_IMPLICIT_RETAIN_SELF = YES;
				CLANG_WARN_OBJC_LITERAL_CONVERSION = YES;
				CLANG_WARN_OBJC_ROOT_CLASS = YES_ERROR;
				CLANG_WARN_QUOTED_INCLUDE_IN_FRAMEWORK_HEADER = YES;
				CLANG_WARN_RANGE_LOOP_ANALYSIS = YES;
				CLANG_WARN_STRICT_PROTOTYPES = YES;
				CLANG_WARN_SUSPICIOUS_MOVE = YES;
				CLANG_WARN_UNGUARDED_AVAILABILITY = YES_AGGRESSIVE;
				CLANG_WARN_UNREACHABLE_CODE = YES;
				CLANG_WARN__DUPLICATE_METHOD_MATCH = YES;
				COPY_PHASE_STRIP = NO;
				DEBUG_INFORMATION_FORMAT = "dwarf-with-dsym";
				ENABLE_NS_ASSERTIONS = NO;
				ENABLE_STRICT_OBJC_MSGSEND = YES;
				GCC_C_LANGUAGE_STANDARD = gnu11;
				GCC_NO_COMMON_BLOCKS = YES;
				GCC_WARN_64_TO_32_BIT_CONVERSION = YES;
				GCC_WARN_ABOUT_RETURN_TYPE = YES_ERROR;
				GCC_WARN_UNDECLARED_SELECTOR = YES;
				GCC_WARN_UNINITIALIZED_AUTOS = YES_AGGRESSIVE;
				GCC_WARN_UNUSED_FUNCTION = YES;
				GCC_WARN_UNUSED_VARIABLE = YES;
				IPHONEOS_DEPLOYMENT_TARGET = 15.5;
				MTL_ENABLE_DEBUG_INFO = NO;
				MTL_FAST_MATH = YES;
				SDKROOT = iphoneos;
				SWIFT_COMPILATION_MODE = wholemodule;
				SWIFT_OPTIMIZATION_LEVEL = "-O";
				VALIDATE_PRODUCT = YES;
			};
			name = Release;
		};
		8DCFF1F928A929B400350727 /* Debug */ = {
			isa = XCBuildConfiguration;
			buildSettings = {
				ASSETCATALOG_COMPILER_APPICON_NAME = AppIcon;
				ASSETCATALOG_COMPILER_GLOBAL_ACCENT_COLOR_NAME = AccentColor;
				CODE_SIGN_STYLE = Automatic;
				CURRENT_PROJECT_VERSION = 1;
				DEVELOPMENT_ASSET_PATHS = "\"ButtonExample/Preview Content\"";
				DEVELOPMENT_TEAM = GMHUACJXLZ;
				ENABLE_PREVIEWS = YES;
				GENERATE_INFOPLIST_FILE = YES;
				INFOPLIST_KEY_UIApplicationSceneManifest_Generation = YES;
				INFOPLIST_KEY_UIApplicationSupportsIndirectInputEvents = YES;
				INFOPLIST_KEY_UILaunchScreen_Generation = YES;
				INFOPLIST_KEY_UISupportedInterfaceOrientations_iPad = "UIInterfaceOrientationPortrait UIInterfaceOrientationPortraitUpsideDown UIInterfaceOrientationLandscapeLeft UIInterfaceOrientationLandscapeRight";
				INFOPLIST_KEY_UISupportedInterfaceOrientations_iPhone = "UIInterfaceOrientationPortrait UIInterfaceOrientationLandscapeLeft UIInterfaceOrientationLandscapeRight";
				LD_RUNPATH_SEARCH_PATHS = (
					"$(inherited)",
					"@executable_path/Frameworks",
				);
				MARKETING_VERSION = 1.0;
				PRODUCT_BUNDLE_IDENTIFIER = com.lonalia.ButtonExample;
				PRODUCT_NAME = "$(TARGET_NAME)";
				SWIFT_EMIT_LOC_STRINGS = YES;
				SWIFT_VERSION = 5.0;
				TARGETED_DEVICE_FAMILY = "1,2";
			};
			name = Debug;
		};
		8DCFF1FA28A929B400350727 /* Release */ = {
			isa = XCBuildConfiguration;
			buildSettings = {
				ASSETCATALOG_COMPILER_APPICON_NAME = AppIcon;
				ASSETCATALOG_COMPILER_GLOBAL_ACCENT_COLOR_NAME = AccentColor;
				CODE_SIGN_STYLE = Automatic;
				CURRENT_PROJECT_VERSION = 1;
				DEVELOPMENT_ASSET_PATHS = "\"ButtonExample/Preview Content\"";
				DEVELOPMENT_TEAM = GMHUACJXLZ;
				ENABLE_PREVIEWS = YES;
				GENERATE_INFOPLIST_FILE = YES;
				INFOPLIST_KEY_UIApplicationSceneManifest_Generation = YES;
				INFOPLIST_KEY_UIApplicationSupportsIndirectInputEvents = YES;
				INFOPLIST_KEY_UILaunchScreen_Generation = YES;
				INFOPLIST_KEY_UISupportedInterfaceOrientations_iPad = "UIInterfaceOrientationPortrait UIInterfaceOrientationPortraitUpsideDown UIInterfaceOrientationLandscapeLeft UIInterfaceOrientationLandscapeRight";
				INFOPLIST_KEY_UISupportedInterfaceOrientations_iPhone = "UIInterfaceOrientationPortrait UIInterfaceOrientationLandscapeLeft UIInterfaceOrientationLandscapeRight";
				LD_RUNPATH_SEARCH_PATHS = (
					"$(inherited)",
					"@executable_path/Frameworks",
				);
				MARKETING_VERSION = 1.0;
				PRODUCT_BUNDLE_IDENTIFIER = com.lonalia.ButtonExample;
				PRODUCT_NAME = "$(TARGET_NAME)";
				SWIFT_EMIT_LOC_STRINGS = YES;
				SWIFT_VERSION = 5.0;
				TARGETED_DEVICE_FAMILY = "1,2";
			};
			name = Release;
		};
		8DCFF1FC28A929B400350727 /* Debug */ = {
			isa = XCBuildConfiguration;
			buildSettings = {
				ALWAYS_EMBED_SWIFT_STANDARD_LIBRARIES = YES;
				BUNDLE_LOADER = "$(TEST_HOST)";
				CODE_SIGN_STYLE = Automatic;
				CURRENT_PROJECT_VERSION = 1;
				DEVELOPMENT_TEAM = GMHUACJXLZ;
				GENERATE_INFOPLIST_FILE = YES;
				IPHONEOS_DEPLOYMENT_TARGET = 15.5;
				MARKETING_VERSION = 1.0;
				PRODUCT_BUNDLE_IDENTIFIER = com.lonalia.ButtonExampleTests;
				PRODUCT_NAME = "$(TARGET_NAME)";
				SWIFT_EMIT_LOC_STRINGS = NO;
				SWIFT_VERSION = 5.0;
				TARGETED_DEVICE_FAMILY = "1,2";
				TEST_HOST = "$(BUILT_PRODUCTS_DIR)/ButtonExample.app/ButtonExample";
			};
			name = Debug;
		};
		8DCFF1FD28A929B400350727 /* Release */ = {
			isa = XCBuildConfiguration;
			buildSettings = {
				ALWAYS_EMBED_SWIFT_STANDARD_LIBRARIES = YES;
				BUNDLE_LOADER = "$(TEST_HOST)";
				CODE_SIGN_STYLE = Automatic;
				CURRENT_PROJECT_VERSION = 1;
				DEVELOPMENT_TEAM = GMHUACJXLZ;
				GENERATE_INFOPLIST_FILE = YES;
				IPHONEOS_DEPLOYMENT_TARGET = 15.5;
				MARKETING_VERSION = 1.0;
				PRODUCT_BUNDLE_IDENTIFIER = com.lonalia.ButtonExampleTests;
				PRODUCT_NAME = "$(TARGET_NAME)";
				SWIFT_EMIT_LOC_STRINGS = NO;
				SWIFT_VERSION = 5.0;
				TARGETED_DEVICE_FAMILY = "1,2";
				TEST_HOST = "$(BUILT_PRODUCTS_DIR)/ButtonExample.app/ButtonExample";
			};
			name = Release;
		};
		8DCFF1FF28A929B400350727 /* Debug */ = {
			isa = XCBuildConfiguration;
			buildSettings = {
				ALWAYS_EMBED_SWIFT_STANDARD_LIBRARIES = YES;
				CODE_SIGN_STYLE = Automatic;
				CURRENT_PROJECT_VERSION = 1;
				DEVELOPMENT_TEAM = GMHUACJXLZ;
				GENERATE_INFOPLIST_FILE = YES;
				MARKETING_VERSION = 1.0;
				PRODUCT_BUNDLE_IDENTIFIER = com.lonalia.ButtonExampleUITests;
				PRODUCT_NAME = "$(TARGET_NAME)";
				SWIFT_EMIT_LOC_STRINGS = NO;
				SWIFT_VERSION = 5.0;
				TARGETED_DEVICE_FAMILY = "1,2";
				TEST_TARGET_NAME = ButtonExample;
			};
			name = Debug;
		};
		8DCFF20028A929B400350727 /* Release */ = {
			isa = XCBuildConfiguration;
			buildSettings = {
				ALWAYS_EMBED_SWIFT_STANDARD_LIBRARIES = YES;
				CODE_SIGN_STYLE = Automatic;
				CURRENT_PROJECT_VERSION = 1;
				DEVELOPMENT_TEAM = GMHUACJXLZ;
				GENERATE_INFOPLIST_FILE = YES;
				MARKETING_VERSION = 1.0;
				PRODUCT_BUNDLE_IDENTIFIER = com.lonalia.ButtonExampleUITests;
				PRODUCT_NAME = "$(TARGET_NAME)";
				SWIFT_EMIT_LOC_STRINGS = NO;
				SWIFT_VERSION = 5.0;
				TARGETED_DEVICE_FAMILY = "1,2";
				TEST_TARGET_NAME = ButtonExample;
			};
			name = Release;
		};
/* End XCBuildConfiguration section */

/* Begin XCConfigurationList section */
		8DCFF1CF28A929B300350727 /* Build configuration list for PBXProject "ButtonExample" */ = {
			isa = XCConfigurationList;
			buildConfigurations = (
				8DCFF1F628A929B400350727 /* Debug */,
				8DCFF1F728A929B400350727 /* Release */,
			);
			defaultConfigurationIsVisible = 0;
			defaultConfigurationName = Release;
		};
		8DCFF1F828A929B400350727 /* Build configuration list for PBXNativeTarget "ButtonExample" */ = {
			isa = XCConfigurationList;
			buildConfigurations = (
				8DCFF1F928A929B400350727 /* Debug */,
				8DCFF1FA28A929B400350727 /* Release */,
			);
			defaultConfigurationIsVisible = 0;
			defaultConfigurationName = Release;
		};
		8DCFF1FB28A929B400350727 /* Build configuration list for PBXNativeTarget "ButtonExampleTests" */ = {
			isa = XCConfigurationList;
			buildConfigurations = (
				8DCFF1FC28A929B400350727 /* Debug */,
				8DCFF1FD28A929B400350727 /* Release */,
			);
			defaultConfigurationIsVisible = 0;
			defaultConfigurationName = Release;
		};
		8DCFF1FE28A929B400350727 /* Build configuration list for PBXNativeTarget "ButtonExampleUITests" */ = {
			isa = XCConfigurationList;
			buildConfigurations = (
				8DCFF1FF28A929B400350727 /* Debug */,
				8DCFF20028A929B400350727 /* Release */,
			);
			defaultConfigurationIsVisible = 0;
			defaultConfigurationName = Release;
		};
/* End XCConfigurationList section */
	};
	rootObject = 8DCFF1CC28A929B300350727 /* Project object */;
}
